
Microsoft Visual Studio Solution File, Format Version 12.00
# Visual Studio Version 17
VisualStudioVersion = 17.8.34309.116
MinimumVisualStudioVersion = 10.0.40219.1
Project("{FAE04EC0-301F-11D3-BF4B-00C04F79EFBC}") = "VIZCore3D.NET.Demo", "WinForms\VIZCore3D.NET.Demo\VIZCore3D.NET.Demo.csproj", "{44B16D23-940D-4905-94E0-7CFDE1EB5B9A}"
EndProject
Project("{FAE04EC0-301F-11D3-BF4B-00C04F79EFBC}") = "VIZCore3D.NET.ModelComparison", "WinForms\VIZCore3D.NET.ModelComparison\VIZCore3D.NET.ModelComparison.csproj", "{A230733B-6ABE-455E-85F2-88420AE6EB4E}"
EndProject
Project("{FAE04EC0-301F-11D3-BF4B-00C04F79EFBC}") = "VIZCore3D.NET.ToVIZ", "WinForms\VIZCore3D.NET.ToVIZ\VIZCore3D.NET.ToVIZ.csproj", "{7722C395-A09E-44D9-B7DF-628284A350CC}"
EndProject
Project("{FAE04EC0-301F-11D3-BF4B-00C04F79EFBC}") = "VIZCore3D.NET.LockedHidden", "WinForms\VIZCore3D.NET.LockedHidden\VIZCore3D.NET.LockedHidden.csproj", "{2764CFC6-852D-41E3-8BC1-09B63C4399E9}"
EndProject
Project("{FAE04EC0-301F-11D3-BF4B-00C04F79EFBC}") = "VIZCore3D.NET.ShapeDrawing", "WinForms\VIZCore3D.NET.ShapeDrawing\VIZCore3D.NET.ShapeDrawing.csproj", "{02A04B0B-9771-4126-8842-09FC00F909FC}"
EndProject
Project("{FAE04EC0-301F-11D3-BF4B-00C04F79EFBC}") = "VIZCore3D.NET.GeometryProperty", "WinForms\VIZCore3D.NET.GeometryProperty\VIZCore3D.NET.GeometryProperty.csproj", "{198CD873-FD01-4D14-B61D-8B3ED817870B}"
EndProject
Project("{FAE04EC0-301F-11D3-BF4B-00C04F79EFBC}") = "VIZCore3D.NET.UDA", "WinForms\VIZCore3D.NET.UDA\VIZCore3D.NET.UDA.csproj", "{C2593770-1D65-4E50-9BA1-EC2E8174AB98}"
EndProject
Project("{FAE04EC0-301F-11D3-BF4B-00C04F79EFBC}") = "VIZCore3D.NET.ImportAttribute", "WinForms\VIZCore3D.NET.ImportAttribute\VIZCore3D.NET.ImportAttribute.csproj", "{1C4062F7-6D2E-456C-AD20-73AF3E8B7D45}"
EndProject
Project("{FAE04EC0-301F-11D3-BF4B-00C04F79EFBC}") = "VIZCore3D.NET.Thumbnail", "WinForms\VIZCore3D.NET.Thumbnail\VIZCore3D.NET.Thumbnail.csproj", "{96D844B0-7A5D-4560-B6F7-D7A9EFAB4013}"
EndProject
Project("{FAE04EC0-301F-11D3-BF4B-00C04F79EFBC}") = "VIZCore3D.NET.Structure", "WinForms\VIZCore3D.NET.Structure\VIZCore3D.NET.Structure.csproj", "{42DD3EF2-24AA-4A43-BCCF-9A8C3B4EBBDB}"
EndProject
Project("{FAE04EC0-301F-11D3-BF4B-00C04F79EFBC}") = "VIZCore3D.NET.Group", "WinForms\VIZCore3D.NET.Group\VIZCore3D.NET.Group.csproj", "{D2138CFF-E1E8-4D4C-9FFD-3A195E958BF1}"
EndProject
Project("{FAE04EC0-301F-11D3-BF4B-00C04F79EFBC}") = "VIZCore3D.NET.ExportNode", "WinForms\VIZCore3D.NET.ExportNode\VIZCore3D.NET.ExportNode.csproj", "{6D3A1771-76C8-4E6F-A80D-5D706FB55F93}"
EndProject
Project("{FAE04EC0-301F-11D3-BF4B-00C04F79EFBC}") = "VIZCore3D.NET.SpaceSearch", "WinForms\VIZCore3D.NET.SpaceSearch\VIZCore3D.NET.SpaceSearch.csproj", "{BF3B137D-07B5-4235-89E8-71F28522088D}"
EndProject
Project("{2150E333-8FDC-42A3-9474-1A3956D46DE8}") = "Solution Items", "Solution Items", "{346539F3-DF6F-45AA-9619-E90F416E3DF5}"
	ProjectSection(SolutionItems) = preProject
		Clean.txt = Clean.txt
	EndProjectSection
EndProject
Project("{FAE04EC0-301F-11D3-BF4B-00C04F79EFBC}") = "VIZCore3D.NET.Projection2D", "WinForms\VIZCore3D.NET.Projection2D\VIZCore3D.NET.Projection2D.csproj", "{104FBC88-359F-42EE-8580-ECDD9390CEC2}"
EndProject
Project("{FAE04EC0-301F-11D3-BF4B-00C04F79EFBC}") = "VIZCore3D.NET.Projection2D.DrawControl", "WinForms\VIZCore3D.NET.Projection2D.DrawControl\VIZCore3D.NET.Projection2D.DrawControl.csproj", "{D99F27B8-63FC-44BD-B156-C7135C12A3EC}"
EndProject
Project("{FAE04EC0-301F-11D3-BF4B-00C04F79EFBC}") = "VIZCore3D.NET.Note", "WinForms\VIZCore3D.NET.Note\VIZCore3D.NET.Note.csproj", "{B91B6FF8-09EF-411E-A6EB-3460E42C3C61}"
EndProject
Project("{FAE04EC0-301F-11D3-BF4B-00C04F79EFBC}") = "VIZCore3D.NET.SelectionBox", "WinForms\VIZCore3D.NET.SelectionBox\VIZCore3D.NET.SelectionBox.csproj", "{DF428C22-208B-4462-AF5B-AFFD2BEC600D}"
EndProject
Project("{FAE04EC0-301F-11D3-BF4B-00C04F79EFBC}") = "VIZCore3D.NET.Import.WDL", "WinForms\VIZCore3D.NET.Import.WDL\VIZCore3D.NET.Import.WDL.csproj", "{684014B8-D0D3-4654-AC4B-C45EE41EE7BC}"
EndProject
Project("{FAE04EC0-301F-11D3-BF4B-00C04F79EFBC}") = "VIZCore3D.NET.MiniView", "WinForms\VIZCore3D.NET.MiniView\VIZCore3D.NET.MiniView.csproj", "{4293F576-7E7F-4934-A2BE-3EADF80D3867}"
EndProject
Project("{FAE04EC0-301F-11D3-BF4B-00C04F79EFBC}") = "VIZCore3D.NET.ClashTest", "WinForms\VIZCore3D.NET.ClashTest\VIZCore3D.NET.ClashTest.csproj", "{EECEF237-9091-44B1-B12A-C7A9C6AE8AE8}"
EndProject
Project("{FAE04EC0-301F-11D3-BF4B-00C04F79EFBC}") = "VIZCore3D.NET.GenerateThumbnail", "WinForms\VIZCore3D.NET.GenerateThumbnail\VIZCore3D.NET.GenerateThumbnail.csproj", "{11A4D8B3-0619-4283-A6DE-048BF770385B}"
EndProject
Project("{FAE04EC0-301F-11D3-BF4B-00C04F79EFBC}") = "VIZCore3D.NET.StructureThumbnail", "WinForms\VIZCore3D.NET.StructureThumbnail\VIZCore3D.NET.StructureThumbnail.csproj", "{3A58E16A-0E2A-42B4-BA02-6FD72E8E4EE3}"
EndProject
Project("{FAE04EC0-301F-11D3-BF4B-00C04F79EFBC}") = "VIZCore3D.NET.PlacementStatus", "WinForms\VIZCore3D.NET.PlacementStatus\VIZCore3D.NET.PlacementStatus.csproj", "{C468BD78-ED7A-4E39-AC4A-BB235A581C5E}"
EndProject
Project("{FAE04EC0-301F-11D3-BF4B-00C04F79EFBC}") = "VIZCore3D.NET.Disassembly", "WinForms\VIZCore3D.NET.Disassembly\VIZCore3D.NET.Disassembly.csproj", "{FCBC55FF-B010-48AD-9F54-50E2DFE7F07D}"
EndProject
Project("{FAE04EC0-301F-11D3-BF4B-00C04F79EFBC}") = "VIZCore3D.NET.Osnap", "WinForms\VIZCore3D.NET.Osnap\VIZCore3D.NET.Osnap.csproj", "{2CE29733-6C63-45E7-AB27-61C8E0750C7E}"
EndProject
Project("{FAE04EC0-301F-11D3-BF4B-00C04F79EFBC}") = "VIZCore3D.NET.CaptureImage", "WinForms\VIZCore3D.NET.CaptureImage\VIZCore3D.NET.CaptureImage.csproj", "{A0CB8F46-B0EA-486F-922F-0B42B4D65598}"
EndProject
Project("{FAE04EC0-301F-11D3-BF4B-00C04F79EFBC}") = "VIZCore3D.NET.UserView", "WinForms\VIZCore3D.NET.UserView\VIZCore3D.NET.UserView.csproj", "{4EA3BFF5-B915-46F6-9750-D0C236F02F91}"
EndProject
Project("{FAE04EC0-301F-11D3-BF4B-00C04F79EFBC}") = "VIZCore3D.NET.Snapshot", "WinForms\VIZCore3D.NET.Snapshot\VIZCore3D.NET.Snapshot.csproj", "{C329C2DF-47F1-4008-A428-7AD1B42ECA73}"
EndProject
Project("{FAE04EC0-301F-11D3-BF4B-00C04F79EFBC}") = "VIZCore3D.NET.ZoneObjects", "WinForms\VIZCore3D.NET.ZoneObjects\VIZCore3D.NET.ZoneObjects.csproj", "{4171475B-33F8-475A-90F4-C06560C06C09}"
EndProject
Project("{FAE04EC0-301F-11D3-BF4B-00C04F79EFBC}") = "VIZCore3D.NET.NodeDetail", "WinForms\VIZCore3D.NET.NodeDetail\VIZCore3D.NET.NodeDetail.csproj", "{8DC09B9F-8FC0-4901-B025-D999F8D95F76}"
EndProject
Project("{FAE04EC0-301F-11D3-BF4B-00C04F79EFBC}") = "VIZCore3D.NET.SelectionBox.V2", "WinForms\VIZCore3D.NET.SelectionBox.V2\VIZCore3D.NET.SelectionBox.V2.csproj", "{595E8905-1AEF-4BAD-83D1-3610F303BC28}"
EndProject
Project("{FAE04EC0-301F-11D3-BF4B-00C04F79EFBC}") = "VIZCore3D.NET.ShortestDistance", "WinForms\VIZCore3D.NET.ShortestDistance\VIZCore3D.NET.ShortestDistance.csproj", "{7939BF4E-EC05-41CB-862A-F3252D5D3D7D}"
EndProject
Project("{FAE04EC0-301F-11D3-BF4B-00C04F79EFBC}") = "VIZCore3D.NET.AvatarPath", "WinForms\VIZCore3D.NET.AvatarPath\VIZCore3D.NET.AvatarPath.csproj", "{10ED2219-BF3C-497E-B6BA-431F3C401076}"
EndProject
Project("{FAE04EC0-301F-11D3-BF4B-00C04F79EFBC}") = "VIZCore3D.NET.Search", "WinForms\VIZCore3D.NET.Search\VIZCore3D.NET.Search.csproj", "{D87850E2-616D-4021-8714-F9EC3D321EEC}"
EndProject
Project("{FAE04EC0-301F-11D3-BF4B-00C04F79EFBC}") = "VIZCore3D.NET.Painting", "WinForms\VIZCore3D.NET.Painting\VIZCore3D.NET.Painting.csproj", "{435D44B1-180D-4540-9BC8-B0AA06ACE78D}"
EndProject
Project("{FAE04EC0-301F-11D3-BF4B-00C04F79EFBC}") = "VIZCore3D.NET.DemoCenter", "WinForms\VIZCore3D.NET.DemoCenter\VIZCore3D.NET.DemoCenter.csproj", "{926662D5-1449-49BE-AE06-3934F433EE17}"
EndProject
Project("{FAE04EC0-301F-11D3-BF4B-00C04F79EFBC}") = "VIZCore3D.NET.Animation.Block", "WinForms\VIZCore3D.NET.Animation.Block\VIZCore3D.NET.Animation.Block.csproj", "{F8034192-2E5A-4829-B7A4-1C60ABB64F92}"
EndProject
Project("{FAE04EC0-301F-11D3-BF4B-00C04F79EFBC}") = "VIZCore3D.NET.ModelComparisonSingleMode", "WinForms\VIZCore3D.NET.ModelComparisonSingleMode\VIZCore3D.NET.ModelComparisonSingleMode.csproj", "{9D1C49E5-EC0D-437C-883F-351EC8D44AA6}"
EndProject
Project("{FAE04EC0-301F-11D3-BF4B-00C04F79EFBC}") = "VIZCore3D.NET.PMI", "WinForms\VIZCore3D.NET.PMI\VIZCore3D.NET.PMI.csproj", "{245732B3-42E1-4277-B930-B4E81476DF49}"
EndProject
Project("{FAE04EC0-301F-11D3-BF4B-00C04F79EFBC}") = "VIZCore3D.NET.TextObject", "WinForms\VIZCore3D.NET.TextObject\VIZCore3D.NET.TextObject.csproj", "{34DE0824-158A-4EA2-A553-13C90381FD78}"
EndProject
Project("{FAE04EC0-301F-11D3-BF4B-00C04F79EFBC}") = "VIZCore3D.NET.Camera.CCTV", "WinForms\VIZCore3D.NET.Camera.CCTV\VIZCore3D.NET.Camera.CCTV.csproj", "{0970D383-3F3F-4481-BA70-CF35104662F8}"
EndProject
Project("{FAE04EC0-301F-11D3-BF4B-00C04F79EFBC}") = "VIZCore3D.NET.MeshEdit", "WinForms\VIZCore3D.NET.MeshEdit\VIZCore3D.NET.MeshEdit.csproj", "{6294CE6E-7B67-45D7-80E2-29ABF22EA6CD}"
EndProject
Project("{FAE04EC0-301F-11D3-BF4B-00C04F79EFBC}") = "VIZCore3D.NET.App", "WinForms\VIZCore3D.NET.App\VIZCore3D.NET.App.csproj", "{F7A27C84-FF0B-4359-8308-9E30B5B58B86}"
EndProject
Project("{FAE04EC0-301F-11D3-BF4B-00C04F79EFBC}") = "VIZCore3D.NET.AssembleHull", "WinForms\VIZCore3D.NET.AssembleHull\VIZCore3D.NET.AssembleHull.csproj", "{6012DBAB-3BD3-4941-9863-29C3E81B2F4A}"
EndProject
Project("{FAE04EC0-301F-11D3-BF4B-00C04F79EFBC}") = "VIZCore3D.NET.MeshCount", "WinForms\VIZCore3D.NET.MeshCount\VIZCore3D.NET.MeshCount.csproj", "{DF883400-20DE-4DA1-BFB6-618DEE87659D}"
EndProject
Project("{FAE04EC0-301F-11D3-BF4B-00C04F79EFBC}") = "VIZCore3D.NET.MetadataDemo", "WinForms\VIZCore3D.NET.MetadataDemo\VIZCore3D.NET.MetadataDemo.csproj", "{AD677BC3-40A6-4159-8AA3-7A797A1287BC}"
EndProject
Project("{FAE04EC0-301F-11D3-BF4B-00C04F79EFBC}") = "VIZCore3D.NET.ReplacePrimitive", "WinForms\VIZCore3D.NET.ReplacePrimitive\VIZCore3D.NET.ReplacePrimitive.csproj", "{BE9BFF86-D435-4D97-8CE8-44DFF8702033}"
EndProject
Project("{FAE04EC0-301F-11D3-BF4B-00C04F79EFBC}") = "VIZCore3D.NET.SurfaceNormal", "WinForms\VIZCore3D.NET.SurfaceNormal\VIZCore3D.NET.SurfaceNormal.csproj", "{4B47FFF2-98EF-46E2-B30C-1DFA87FB82B0}"
EndProject
Project("{FAE04EC0-301F-11D3-BF4B-00C04F79EFBC}") = "VIZCore3D.NET.CameraControl", "WinForms\VIZCore3D.NET.CameraControl\VIZCore3D.NET.CameraControl.csproj", "{D2BE562A-CEC2-4284-95C3-55FBE474862D}"
EndProject
Project("{FAE04EC0-301F-11D3-BF4B-00C04F79EFBC}") = "VIZCore3D.NET.ChildView", "WinForms\VIZCore3D.NET.ChildView\VIZCore3D.NET.ChildView.csproj", "{87762CF5-3EFE-4529-8116-D7214D4711B5}"
EndProject
Project("{FAE04EC0-301F-11D3-BF4B-00C04F79EFBC}") = "VIZCore3D.NET.ClashTest.V2", "WinForms\VIZCore3D.NET.ClashTest.V2\VIZCore3D.NET.ClashTest.V2.csproj", "{65895197-3BB2-4144-9C75-40258E3738D3}"
EndProject
Project("{FAE04EC0-301F-11D3-BF4B-00C04F79EFBC}") = "VIZCore3D.NET.ConnectedSurface", "WinForms\VIZCore3D.NET.ConnectedSurface\VIZCore3D.NET.ConnectedSurface.csproj", "{9826C534-3263-4CB3-8E93-3A663EA60E82}"
EndProject
Project("{FAE04EC0-301F-11D3-BF4B-00C04F79EFBC}") = "VIZCore3D.NET.DockBuild", "WinForms\VIZCore3D.NET.DockBuild\VIZCore3D.NET.DockBuild.csproj", "{4252A2E0-7BF5-4A63-B1DF-57306853BFF0}"
EndProject
Project("{FAE04EC0-301F-11D3-BF4B-00C04F79EFBC}") = "VIZCore3D.NET.DockOut", "WinForms\VIZCore3D.NET.DockOut\VIZCore3D.NET.DockOut.csproj", "{59E78ECF-5C82-4167-A9D4-DC30B20EAE94}"
EndProject
Project("{FAE04EC0-301F-11D3-BF4B-00C04F79EFBC}") = "VIZCore3D.NET.Erection.V1", "WinForms\VIZCore3D.NET.Erection.V1\VIZCore3D.NET.Erection.V1.csproj", "{5059368C-2048-4F89-B420-B6DCE242A46E}"
EndProject
Project("{FAE04EC0-301F-11D3-BF4B-00C04F79EFBC}") = "VIZCore3D.NET.Joypad", "WinForms\VIZCore3D.NET.Joypad\VIZCore3D.NET.Joypad.csproj", "{124D004F-9697-47E5-9BA1-077CD0936822}"
EndProject
Project("{FAE04EC0-301F-11D3-BF4B-00C04F79EFBC}") = "VIZCore3D.NET.Note.V2", "WinForms\VIZCore3D.NET.Note.V2\VIZCore3D.NET.Note.V2.csproj", "{D9504116-0853-41C5-96A3-4F5B80126482}"
EndProject
Project("{FAE04EC0-301F-11D3-BF4B-00C04F79EFBC}") = "VIZCore3D.NET.Panorama", "WinForms\VIZCore3D.NET.Panorama\VIZCore3D.NET.Panorama.csproj", "{1E9CFC71-DC2F-4115-B84E-9A1CFDB25B6D}"
EndProject
Project("{FAE04EC0-301F-11D3-BF4B-00C04F79EFBC}") = "VIZCore3D.NET.SectionClippedEdge", "WinForms\VIZCore3D.NET.SectionClippedEdge\VIZCore3D.NET.SectionClippedEdge.csproj", "{AD02B10E-6168-4D54-BAF4-CF89DDF4D9E3}"
EndProject
Project("{FAE04EC0-301F-11D3-BF4B-00C04F79EFBC}") = "VIZCore3D.NET.UserViewCustom", "WinForms\VIZCore3D.NET.UserViewCustom\VIZCore3D.NET.UserViewCustom.csproj", "{764EC483-D182-432C-B13F-6FC2A62D2B2E}"
EndProject
Project("{FAE04EC0-301F-11D3-BF4B-00C04F79EFBC}") = "VIZCore3D.NET.MoveWithMouse", "WinForms\VIZCore3D.NET.MoveWithMouse\VIZCore3D.NET.MoveWithMouse.csproj", "{D69D22A1-B986-416E-9EC0-5D872536746B}"
EndProject
Project("{FAE04EC0-301F-11D3-BF4B-00C04F79EFBC}") = "VIZCore3D.NET.WebBrowserInterworking", "WinForms\VIZCore3D.NET.WebBrowserInterworking\VIZCore3D.NET.WebBrowserInterworking.csproj", "{20D49983-22F4-460B-B159-C901DB48182D}"
EndProject
Project("{FAE04EC0-301F-11D3-BF4B-00C04F79EFBC}") = "VIZCore3D.NET.Arguments", "WinForms\VIZCore3D.NET.Arguments\VIZCore3D.NET.Arguments.csproj", "{ABABAA67-190E-4F97-BAA8-70A716864B4C}"
EndProject
Project("{FAE04EC0-301F-11D3-BF4B-00C04F79EFBC}") = "VIZCore3D.NET.CircleGeo", "WinForms\VIZCore3D.NET.CircleGeo\VIZCore3D.NET.CircleGeo.csproj", "{5ECEB4C4-DCC8-4E5B-AA00-D5D5E08CC3A3}"
EndProject
Project("{FAE04EC0-301F-11D3-BF4B-00C04F79EFBC}") = "VIZCore3D.NET.DockInOut", "WinForms\VIZCore3D.NET.DockInOut\VIZCore3D.NET.DockInOut.csproj", "{4BAE4E00-BDD8-4A1B-8C57-8C4150B29EB5}"
EndProject
Project("{FAE04EC0-301F-11D3-BF4B-00C04F79EFBC}") = "VIZCore3D.NET.NodeCreation", "WinForms\VIZCore3D.NET.NodeCreation\VIZCore3D.NET.NodeCreation.csproj", "{16F54FFB-EDA0-436D-95D7-71A7D98AB471}"
EndProject
Project("{FAE04EC0-301F-11D3-BF4B-00C04F79EFBC}") = "VIZCore3D.NET.ClashTest.V3", "WinForms\VIZCore3D.NET.ClashTest.V3\VIZCore3D.NET.ClashTest.V3.csproj", "{81A5B80D-C6D7-44A7-8169-D071F53DB661}"
EndProject
Project("{2150E333-8FDC-42A3-9474-1A3956D46DE8}") = "WinForms", "WinForms", "{117E7FB9-D998-4697-8FF7-911AA339D267}"
EndProject
Project("{2150E333-8FDC-42A3-9474-1A3956D46DE8}") = "WPF", "WPF", "{215749DE-323E-42F6-9CF0-4BDD89212A69}"
EndProject
Project("{FAE04EC0-301F-11D3-BF4B-00C04F79EFBC}") = "VIZCore3D.NET.WPF", "WPF\VIZCore3D.NET.WPF\VIZCore3D.NET.WPF.csproj", "{B8D300CC-4848-41F2-AC18-92DAC39316BB}"
EndProject
Project("{FAE04EC0-301F-11D3-BF4B-00C04F79EFBC}") = "VIZCore3D.NET.MultiViewSync", "WinForms\VIZCore3D.NET.MultiViewSync\VIZCore3D.NET.MultiViewSync.csproj", "{FBA824E2-2504-4A5A-9C61-386E16FABE07}"
EndProject
Project("{FAE04EC0-301F-11D3-BF4B-00C04F79EFBC}") = "VIZCore3D.NET.Animation.Objects", "WinForms\VIZCore3D.NET.Animation.Objects\VIZCore3D.NET.Animation.Objects.csproj", "{D601DE05-EE02-488D-BDA2-D35975233CE4}"
EndProject
Project("{FAE04EC0-301F-11D3-BF4B-00C04F79EFBC}") = "VIZCore3D.NET.BayBlockRotation", "WinForms\VIZCore3D.NET.BayBlockRotation\VIZCore3D.NET.BayBlockRotation.csproj", "{316E806D-BFAB-4934-8AEF-DAF9F3CBB2AF}"
EndProject
Project("{FAE04EC0-301F-11D3-BF4B-00C04F79EFBC}") = "VIZCore3D.NET.Capture3D", "WinForms\VIZCore3D.NET.Capture3D\VIZCore3D.NET.Capture3D.csproj", "{D34384B2-8372-4B84-9BC5-84CCC052D8F7}"
EndProject
Project("{FAE04EC0-301F-11D3-BF4B-00C04F79EFBC}") = "VIZCore3D.NET.CustomAxisRotation", "WinForms\VIZCore3D.NET.CustomAxisRotation\VIZCore3D.NET.CustomAxisRotation.csproj", "{D8A5DB5B-3B75-4D5B-B52D-C13E0DEB667B}"
EndProject
Project("{FAE04EC0-301F-11D3-BF4B-00C04F79EFBC}") = "VIZCore3D.NET.GenFile", "WinForms\VIZCore3D.NET.GenFile\VIZCore3D.NET.GenFile.csproj", "{4D431784-17C5-4126-925A-4790797A576F}"
EndProject
Project("{FAE04EC0-301F-11D3-BF4B-00C04F79EFBC}") = "VIZCore3D.NET.MeshEdit.V2", "WinForms\VIZCore3D.NET.MeshEdit.V2\VIZCore3D.NET.MeshEdit.V2.csproj", "{95EF2D63-204C-4F2B-B20F-FF5D0F6AA470}"
EndProject
Project("{FAE04EC0-301F-11D3-BF4B-00C04F79EFBC}") = "VIZCore3D.NET.NodeVisibleChanged", "WinForms\VIZCore3D.NET.NodeVisibleChanged\VIZCore3D.NET.NodeVisibleChanged.csproj", "{BE640F82-A081-4F01-ABCE-9A2656772032}"
EndProject
Project("{FAE04EC0-301F-11D3-BF4B-00C04F79EFBC}") = "VIZCore3D.NET.ProjectionGrid", "WinForms\VIZCore3D.NET.ProjectionGrid\VIZCore3D.NET.ProjectionGrid.csproj", "{3C9C59F9-51E1-4556-BE14-273BD84E717B}"
EndProject
Project("{FAE04EC0-301F-11D3-BF4B-00C04F79EFBC}") = "VIZCore3D.NET.RotateModel", "WinForms\VIZCore3D.NET.RotateModel\VIZCore3D.NET.RotateModel.csproj", "{342D91E8-E61E-459A-98DC-3EBF17934DF5}"
EndProject
Project("{FAE04EC0-301F-11D3-BF4B-00C04F79EFBC}") = "VIZCore3D.NET.SectionAutoClip", "WinForms\VIZCore3D.NET.SectionAutoClip\VIZCore3D.NET.SectionAutoClip.csproj", "{718FCD91-3261-458E-B789-552C4EB0A86A}"
EndProject
Project("{FAE04EC0-301F-11D3-BF4B-00C04F79EFBC}") = "VIZCore3D.NET.SimplifyBlockByPart", "WinForms\VIZCore3D.NET.SimplifyBlockByPart\VIZCore3D.NET.SimplifyBlockByPart.csproj", "{B7DD3169-24EC-4B0F-AEBB-ABB681810787}"
EndProject
Project("{FAE04EC0-301F-11D3-BF4B-00C04F79EFBC}") = "VIZCore3D.NET.TOB", "WinForms\VIZCore3D.NET.TOB\VIZCore3D.NET.TOB.csproj", "{D29BED42-D5A4-4D0E-8EE0-96D13673DEAE}"
EndProject
Project("{FAE04EC0-301F-11D3-BF4B-00C04F79EFBC}") = "VIZCore3D.NET.GenFile.V2", "WinForms\VIZCore3D.NET.GenFile.V2\VIZCore3D.NET.GenFile.V2.csproj", "{D20E7DDB-D622-40EB-A991-A6FA43E06069}"
EndProject
Project("{FAE04EC0-301F-11D3-BF4B-00C04F79EFBC}") = "VIZCore3D.NET.GridThreeD", "WinForms\VIZCore3D.NET.GridThreeD\VIZCore3D.NET.GridThreeD.csproj", "{FF43273B-A769-49BA-A80C-F18547A9F170}"
EndProject
Project("{FAE04EC0-301F-11D3-BF4B-00C04F79EFBC}") = "VIZCore3D.NET.GridThreeD.V2", "WinForms\VIZCore3D.NET.GridThreeD.V2\VIZCore3D.NET.GridThreeD.V2.csproj", "{43C66A33-4C05-4571-A084-1E641A56E792}"
EndProject
Project("{FAE04EC0-301F-11D3-BF4B-00C04F79EFBC}") = "VIZCore3D.NET.ImageAnalysis", "WinForms\VIZCore3D.NET.ImageAnalysis\VIZCore3D.NET.ImageAnalysis.csproj", "{1E952FAC-83CC-4C98-896C-BA46408DBFA0}"
EndProject
Project("{FAE04EC0-301F-11D3-BF4B-00C04F79EFBC}") = "VIZCore3D.NET.MeasureFrame", "WinForms\VIZCore3D.NET.MeasureFrame\VIZCore3D.NET.MeasureFrame.csproj", "{54DFA925-B3A6-4A56-B99F-84DC6A4C3FA0}"
EndProject
Project("{FAE04EC0-301F-11D3-BF4B-00C04F79EFBC}") = "VIZCore3D.NET.MeetingNotes", "WinForms\VIZCore3D.NET.MeetingNotes\VIZCore3D.NET.MeetingNotes.csproj", "{AF49F364-1881-44A0-8414-CDDB34AD09AB}"
EndProject
Project("{FAE04EC0-301F-11D3-BF4B-00C04F79EFBC}") = "VIZCore3D.NET.SectionVolume", "WinForms\VIZCore3D.NET.SectionVolume\VIZCore3D.NET.SectionVolume.csproj", "{9EFF2C8E-8212-4D86-9AC3-1D6DC64C0E06}"
EndProject
Project("{FAE04EC0-301F-11D3-BF4B-00C04F79EFBC}") = "VIZCore3D.NET.UDAGrouping", "WinForms\VIZCore3D.NET.UDAGrouping\VIZCore3D.NET.UDAGrouping.csproj", "{E2DAF119-8655-4374-9EF8-5E917BD94109}"
EndProject
Project("{FAE04EC0-301F-11D3-BF4B-00C04F79EFBC}") = "VIZCore3D.NET.UnfoldBlock", "WinForms\VIZCore3D.NET.UnfoldBlock\VIZCore3D.NET.UnfoldBlock.csproj", "{CAFB6689-FF29-4E45-8BD4-DBDAE3DD161C}"
EndProject
Project("{FAE04EC0-301F-11D3-BF4B-00C04F79EFBC}") = "VIZCore3D.NET.Animation.V2", "WinForms\VIZCore3D.NET.Animation.V2\VIZCore3D.NET.Animation.V2.csproj", "{FF17CED5-8CBA-4C24-AC0A-91059F635EB5}"
EndProject
Project("{FAE04EC0-301F-11D3-BF4B-00C04F79EFBC}") = "VIZCore3D.NET.BayBlock", "WinForms\VIZCore3D.NET.BayBlock\VIZCore3D.NET.BayBlock.csproj", "{5ECF4780-0339-4EE4-A810-E644D1BD57A5}"
EndProject
Project("{FAE04EC0-301F-11D3-BF4B-00C04F79EFBC}") = "VIZCore3D.NET.ClashTest.V4", "WinForms\VIZCore3D.NET.ClashTest.V4\VIZCore3D.NET.ClashTest.V4.csproj", "{525201D8-4BC9-4C4D-8BBC-D63FC239FA03}"
EndProject
Project("{FAE04EC0-301F-11D3-BF4B-00C04F79EFBC}") = "VIZCore3D.NET.AnimationClashTest", "WinForms\VIZCore3D.NET.AnimationClashTest\VIZCore3D.NET.AnimationClashTest.csproj", "{0DFAA163-33F3-4E67-88C0-D076337A3BE5}"
EndProject
Project("{FAE04EC0-301F-11D3-BF4B-00C04F79EFBC}") = "VIZCore3D.NET.ExportGrid", "WinForms\VIZCore3D.NET.ExportGrid\VIZCore3D.NET.ExportGrid.csproj", "{77512C70-27A3-4725-8B85-0A623BADC17E}"
EndProject
Project("{FAE04EC0-301F-11D3-BF4B-00C04F79EFBC}") = "VIZCore3D.NET.FramePrefix", "WinForms\VIZCore3D.NET.FramePrefix\VIZCore3D.NET.FramePrefix.csproj", "{C69EBE8A-A773-4515-A311-D08AD6012C91}"
EndProject
Project("{FAE04EC0-301F-11D3-BF4B-00C04F79EFBC}") = "VIZCore3D.NET.NoteTransform", "WinForms\VIZCore3D.NET.NoteTransform\VIZCore3D.NET.NoteTransform.csproj", "{49C5450F-DF58-458A-B0BE-534AF5F0B8FA}"
EndProject
Project("{FAE04EC0-301F-11D3-BF4B-00C04F79EFBC}") = "VIZCore3D.NET.JunctionMesh", "WinForms\VIZCore3D.NET.JunctionMesh\VIZCore3D.NET.JunctionMesh.csproj", "{353A0C09-8066-4AA6-B643-1BD5F1A6DE74}"
EndProject
Project("{FAE04EC0-301F-11D3-BF4B-00C04F79EFBC}") = "VIZCore3D.NET.Simulation", "WinForms\VIZCore3D.NET.Simulation\VIZCore3D.NET.Simulation.csproj", "{2428ED7A-2328-4741-8F73-7EFFDBB3B3BE}"
EndProject
Project("{FAE04EC0-301F-11D3-BF4B-00C04F79EFBC}") = "VIZCore3D.NET.RotateMatrix", "WinForms\VIZCore3D.NET.RotateMatrix\VIZCore3D.NET.RotateMatrix.csproj", "{8C38BC54-DA32-4F49-B64A-C4F4A8742318}"
EndProject
Project("{FAE04EC0-301F-11D3-BF4B-00C04F79EFBC}") = "VIZCore3D.NET.SectionBoxSize", "WinForms\VIZCore3D.NET.SectionBoxSize\VIZCore3D.NET.SectionBoxSize.csproj", "{6E945CEB-839C-4BC5-86DD-1D49B4958334}"
EndProject
Project("{FAE04EC0-301F-11D3-BF4B-00C04F79EFBC}") = "VIZCore3D.NET.BayCreate", "WinForms\VIZCore3D.NET.BayCreate\VIZCore3D.NET.BayCreate.csproj", "{36D8E434-5854-4625-B5DD-360C41398649}"
EndProject
Project("{FAE04EC0-301F-11D3-BF4B-00C04F79EFBC}") = "VIZCore3D.NET.Zoom", "WinForms\VIZCore3D.NET.Zoom\VIZCore3D.NET.Zoom.csproj", "{4702D4BE-D7FD-4371-9484-14A288259DE5}"
EndProject
Project("{FAE04EC0-301F-11D3-BF4B-00C04F79EFBC}") = "VIZCore3D.NET.MouseIdleDetector", "WinForms\VIZCore3D.NET.MouseIdleDetector\VIZCore3D.NET.MouseIdleDetector.csproj", "{18DFD762-8F10-4037-8B73-B41B7884594B}"
EndProject
Project("{FAE04EC0-301F-11D3-BF4B-00C04F79EFBC}") = "VIZCore3D.NET.ShortutsAreaSelectionBox", "WinForms\VIZCore3D.NET.ShortutsAreaSelectionBox\VIZCore3D.NET.ShortutsAreaSelectionBox.csproj", "{2FCB75A6-AB5F-4AB0-804D-C420B03593D1}"
EndProject
Global
	GlobalSection(SolutionConfigurationPlatforms) = preSolution
		Debug|Any CPU = Debug|Any CPU
		Release|Any CPU = Release|Any CPU
	EndGlobalSection
	GlobalSection(ProjectConfigurationPlatforms) = postSolution
		{44B16D23-940D-4905-94E0-7CFDE1EB5B9A}.Debug|Any CPU.ActiveCfg = Debug|Any CPU
		{44B16D23-940D-4905-94E0-7CFDE1EB5B9A}.Debug|Any CPU.Build.0 = Debug|Any CPU
		{44B16D23-940D-4905-94E0-7CFDE1EB5B9A}.Release|Any CPU.ActiveCfg = Release|Any CPU
		{44B16D23-940D-4905-94E0-7CFDE1EB5B9A}.Release|Any CPU.Build.0 = Release|Any CPU
		{A230733B-6ABE-455E-85F2-88420AE6EB4E}.Debug|Any CPU.ActiveCfg = Debug|Any CPU
		{A230733B-6ABE-455E-85F2-88420AE6EB4E}.Debug|Any CPU.Build.0 = Debug|Any CPU
		{A230733B-6ABE-455E-85F2-88420AE6EB4E}.Release|Any CPU.ActiveCfg = Release|Any CPU
		{A230733B-6ABE-455E-85F2-88420AE6EB4E}.Release|Any CPU.Build.0 = Release|Any CPU
		{7722C395-A09E-44D9-B7DF-628284A350CC}.Debug|Any CPU.ActiveCfg = Debug|Any CPU
		{7722C395-A09E-44D9-B7DF-628284A350CC}.Debug|Any CPU.Build.0 = Debug|Any CPU
		{7722C395-A09E-44D9-B7DF-628284A350CC}.Release|Any CPU.ActiveCfg = Release|Any CPU
		{7722C395-A09E-44D9-B7DF-628284A350CC}.Release|Any CPU.Build.0 = Release|Any CPU
		{2764CFC6-852D-41E3-8BC1-09B63C4399E9}.Debug|Any CPU.ActiveCfg = Debug|Any CPU
		{2764CFC6-852D-41E3-8BC1-09B63C4399E9}.Debug|Any CPU.Build.0 = Debug|Any CPU
		{2764CFC6-852D-41E3-8BC1-09B63C4399E9}.Release|Any CPU.ActiveCfg = Release|Any CPU
		{2764CFC6-852D-41E3-8BC1-09B63C4399E9}.Release|Any CPU.Build.0 = Release|Any CPU
		{02A04B0B-9771-4126-8842-09FC00F909FC}.Debug|Any CPU.ActiveCfg = Debug|Any CPU
		{02A04B0B-9771-4126-8842-09FC00F909FC}.Debug|Any CPU.Build.0 = Debug|Any CPU
		{02A04B0B-9771-4126-8842-09FC00F909FC}.Release|Any CPU.ActiveCfg = Release|Any CPU
		{02A04B0B-9771-4126-8842-09FC00F909FC}.Release|Any CPU.Build.0 = Release|Any CPU
		{198CD873-FD01-4D14-B61D-8B3ED817870B}.Debug|Any CPU.ActiveCfg = Debug|Any CPU
		{198CD873-FD01-4D14-B61D-8B3ED817870B}.Debug|Any CPU.Build.0 = Debug|Any CPU
		{198CD873-FD01-4D14-B61D-8B3ED817870B}.Release|Any CPU.ActiveCfg = Release|Any CPU
		{198CD873-FD01-4D14-B61D-8B3ED817870B}.Release|Any CPU.Build.0 = Release|Any CPU
		{C2593770-1D65-4E50-9BA1-EC2E8174AB98}.Debug|Any CPU.ActiveCfg = Debug|Any CPU
		{C2593770-1D65-4E50-9BA1-EC2E8174AB98}.Debug|Any CPU.Build.0 = Debug|Any CPU
		{C2593770-1D65-4E50-9BA1-EC2E8174AB98}.Release|Any CPU.ActiveCfg = Release|Any CPU
		{C2593770-1D65-4E50-9BA1-EC2E8174AB98}.Release|Any CPU.Build.0 = Release|Any CPU
		{1C4062F7-6D2E-456C-AD20-73AF3E8B7D45}.Debug|Any CPU.ActiveCfg = Debug|Any CPU
		{1C4062F7-6D2E-456C-AD20-73AF3E8B7D45}.Debug|Any CPU.Build.0 = Debug|Any CPU
		{1C4062F7-6D2E-456C-AD20-73AF3E8B7D45}.Release|Any CPU.ActiveCfg = Release|Any CPU
		{1C4062F7-6D2E-456C-AD20-73AF3E8B7D45}.Release|Any CPU.Build.0 = Release|Any CPU
		{96D844B0-7A5D-4560-B6F7-D7A9EFAB4013}.Debug|Any CPU.ActiveCfg = Debug|Any CPU
		{96D844B0-7A5D-4560-B6F7-D7A9EFAB4013}.Debug|Any CPU.Build.0 = Debug|Any CPU
		{96D844B0-7A5D-4560-B6F7-D7A9EFAB4013}.Release|Any CPU.ActiveCfg = Release|Any CPU
		{96D844B0-7A5D-4560-B6F7-D7A9EFAB4013}.Release|Any CPU.Build.0 = Release|Any CPU
		{42DD3EF2-24AA-4A43-BCCF-9A8C3B4EBBDB}.Debug|Any CPU.ActiveCfg = Debug|Any CPU
		{42DD3EF2-24AA-4A43-BCCF-9A8C3B4EBBDB}.Debug|Any CPU.Build.0 = Debug|Any CPU
		{42DD3EF2-24AA-4A43-BCCF-9A8C3B4EBBDB}.Release|Any CPU.ActiveCfg = Release|Any CPU
		{42DD3EF2-24AA-4A43-BCCF-9A8C3B4EBBDB}.Release|Any CPU.Build.0 = Release|Any CPU
		{D2138CFF-E1E8-4D4C-9FFD-3A195E958BF1}.Debug|Any CPU.ActiveCfg = Debug|Any CPU
		{D2138CFF-E1E8-4D4C-9FFD-3A195E958BF1}.Debug|Any CPU.Build.0 = Debug|Any CPU
		{D2138CFF-E1E8-4D4C-9FFD-3A195E958BF1}.Release|Any CPU.ActiveCfg = Release|Any CPU
		{D2138CFF-E1E8-4D4C-9FFD-3A195E958BF1}.Release|Any CPU.Build.0 = Release|Any CPU
		{6D3A1771-76C8-4E6F-A80D-5D706FB55F93}.Debug|Any CPU.ActiveCfg = Debug|Any CPU
		{6D3A1771-76C8-4E6F-A80D-5D706FB55F93}.Debug|Any CPU.Build.0 = Debug|Any CPU
		{6D3A1771-76C8-4E6F-A80D-5D706FB55F93}.Release|Any CPU.ActiveCfg = Release|Any CPU
		{6D3A1771-76C8-4E6F-A80D-5D706FB55F93}.Release|Any CPU.Build.0 = Release|Any CPU
		{BF3B137D-07B5-4235-89E8-71F28522088D}.Debug|Any CPU.ActiveCfg = Debug|Any CPU
		{BF3B137D-07B5-4235-89E8-71F28522088D}.Debug|Any CPU.Build.0 = Debug|Any CPU
		{BF3B137D-07B5-4235-89E8-71F28522088D}.Release|Any CPU.ActiveCfg = Release|Any CPU
		{BF3B137D-07B5-4235-89E8-71F28522088D}.Release|Any CPU.Build.0 = Release|Any CPU
		{104FBC88-359F-42EE-8580-ECDD9390CEC2}.Debug|Any CPU.ActiveCfg = Debug|Any CPU
		{104FBC88-359F-42EE-8580-ECDD9390CEC2}.Debug|Any CPU.Build.0 = Debug|Any CPU
		{104FBC88-359F-42EE-8580-ECDD9390CEC2}.Release|Any CPU.ActiveCfg = Release|Any CPU
		{104FBC88-359F-42EE-8580-ECDD9390CEC2}.Release|Any CPU.Build.0 = Release|Any CPU
		{D99F27B8-63FC-44BD-B156-C7135C12A3EC}.Debug|Any CPU.ActiveCfg = Debug|Any CPU
		{D99F27B8-63FC-44BD-B156-C7135C12A3EC}.Debug|Any CPU.Build.0 = Debug|Any CPU
		{D99F27B8-63FC-44BD-B156-C7135C12A3EC}.Release|Any CPU.ActiveCfg = Release|Any CPU
		{D99F27B8-63FC-44BD-B156-C7135C12A3EC}.Release|Any CPU.Build.0 = Release|Any CPU
		{B91B6FF8-09EF-411E-A6EB-3460E42C3C61}.Debug|Any CPU.ActiveCfg = Debug|Any CPU
		{B91B6FF8-09EF-411E-A6EB-3460E42C3C61}.Debug|Any CPU.Build.0 = Debug|Any CPU
		{B91B6FF8-09EF-411E-A6EB-3460E42C3C61}.Release|Any CPU.ActiveCfg = Release|Any CPU
		{B91B6FF8-09EF-411E-A6EB-3460E42C3C61}.Release|Any CPU.Build.0 = Release|Any CPU
		{DF428C22-208B-4462-AF5B-AFFD2BEC600D}.Debug|Any CPU.ActiveCfg = Debug|Any CPU
		{DF428C22-208B-4462-AF5B-AFFD2BEC600D}.Debug|Any CPU.Build.0 = Debug|Any CPU
		{DF428C22-208B-4462-AF5B-AFFD2BEC600D}.Release|Any CPU.ActiveCfg = Release|Any CPU
		{DF428C22-208B-4462-AF5B-AFFD2BEC600D}.Release|Any CPU.Build.0 = Release|Any CPU
		{684014B8-D0D3-4654-AC4B-C45EE41EE7BC}.Debug|Any CPU.ActiveCfg = Debug|Any CPU
		{684014B8-D0D3-4654-AC4B-C45EE41EE7BC}.Debug|Any CPU.Build.0 = Debug|Any CPU
		{684014B8-D0D3-4654-AC4B-C45EE41EE7BC}.Release|Any CPU.ActiveCfg = Release|Any CPU
		{684014B8-D0D3-4654-AC4B-C45EE41EE7BC}.Release|Any CPU.Build.0 = Release|Any CPU
		{4293F576-7E7F-4934-A2BE-3EADF80D3867}.Debug|Any CPU.ActiveCfg = Debug|Any CPU
		{4293F576-7E7F-4934-A2BE-3EADF80D3867}.Debug|Any CPU.Build.0 = Debug|Any CPU
		{4293F576-7E7F-4934-A2BE-3EADF80D3867}.Release|Any CPU.ActiveCfg = Release|Any CPU
		{4293F576-7E7F-4934-A2BE-3EADF80D3867}.Release|Any CPU.Build.0 = Release|Any CPU
		{EECEF237-9091-44B1-B12A-C7A9C6AE8AE8}.Debug|Any CPU.ActiveCfg = Debug|Any CPU
		{EECEF237-9091-44B1-B12A-C7A9C6AE8AE8}.Debug|Any CPU.Build.0 = Debug|Any CPU
		{EECEF237-9091-44B1-B12A-C7A9C6AE8AE8}.Release|Any CPU.ActiveCfg = Release|Any CPU
		{EECEF237-9091-44B1-B12A-C7A9C6AE8AE8}.Release|Any CPU.Build.0 = Release|Any CPU
		{11A4D8B3-0619-4283-A6DE-048BF770385B}.Debug|Any CPU.ActiveCfg = Debug|Any CPU
		{11A4D8B3-0619-4283-A6DE-048BF770385B}.Debug|Any CPU.Build.0 = Debug|Any CPU
		{11A4D8B3-0619-4283-A6DE-048BF770385B}.Release|Any CPU.ActiveCfg = Release|Any CPU
		{11A4D8B3-0619-4283-A6DE-048BF770385B}.Release|Any CPU.Build.0 = Release|Any CPU
		{3A58E16A-0E2A-42B4-BA02-6FD72E8E4EE3}.Debug|Any CPU.ActiveCfg = Debug|Any CPU
		{3A58E16A-0E2A-42B4-BA02-6FD72E8E4EE3}.Debug|Any CPU.Build.0 = Debug|Any CPU
		{3A58E16A-0E2A-42B4-BA02-6FD72E8E4EE3}.Release|Any CPU.ActiveCfg = Release|Any CPU
		{3A58E16A-0E2A-42B4-BA02-6FD72E8E4EE3}.Release|Any CPU.Build.0 = Release|Any CPU
		{C468BD78-ED7A-4E39-AC4A-BB235A581C5E}.Debug|Any CPU.ActiveCfg = Debug|Any CPU
		{C468BD78-ED7A-4E39-AC4A-BB235A581C5E}.Debug|Any CPU.Build.0 = Debug|Any CPU
		{C468BD78-ED7A-4E39-AC4A-BB235A581C5E}.Release|Any CPU.ActiveCfg = Release|Any CPU
		{C468BD78-ED7A-4E39-AC4A-BB235A581C5E}.Release|Any CPU.Build.0 = Release|Any CPU
		{FCBC55FF-B010-48AD-9F54-50E2DFE7F07D}.Debug|Any CPU.ActiveCfg = Debug|Any CPU
		{FCBC55FF-B010-48AD-9F54-50E2DFE7F07D}.Debug|Any CPU.Build.0 = Debug|Any CPU
		{FCBC55FF-B010-48AD-9F54-50E2DFE7F07D}.Release|Any CPU.ActiveCfg = Release|Any CPU
		{FCBC55FF-B010-48AD-9F54-50E2DFE7F07D}.Release|Any CPU.Build.0 = Release|Any CPU
		{2CE29733-6C63-45E7-AB27-61C8E0750C7E}.Debug|Any CPU.ActiveCfg = Debug|Any CPU
		{2CE29733-6C63-45E7-AB27-61C8E0750C7E}.Debug|Any CPU.Build.0 = Debug|Any CPU
		{2CE29733-6C63-45E7-AB27-61C8E0750C7E}.Release|Any CPU.ActiveCfg = Release|Any CPU
		{2CE29733-6C63-45E7-AB27-61C8E0750C7E}.Release|Any CPU.Build.0 = Release|Any CPU
		{A0CB8F46-B0EA-486F-922F-0B42B4D65598}.Debug|Any CPU.ActiveCfg = Debug|Any CPU
		{A0CB8F46-B0EA-486F-922F-0B42B4D65598}.Debug|Any CPU.Build.0 = Debug|Any CPU
		{A0CB8F46-B0EA-486F-922F-0B42B4D65598}.Release|Any CPU.ActiveCfg = Release|Any CPU
		{A0CB8F46-B0EA-486F-922F-0B42B4D65598}.Release|Any CPU.Build.0 = Release|Any CPU
		{4EA3BFF5-B915-46F6-9750-D0C236F02F91}.Debug|Any CPU.ActiveCfg = Debug|Any CPU
		{4EA3BFF5-B915-46F6-9750-D0C236F02F91}.Debug|Any CPU.Build.0 = Debug|Any CPU
		{4EA3BFF5-B915-46F6-9750-D0C236F02F91}.Release|Any CPU.ActiveCfg = Release|Any CPU
		{4EA3BFF5-B915-46F6-9750-D0C236F02F91}.Release|Any CPU.Build.0 = Release|Any CPU
		{C329C2DF-47F1-4008-A428-7AD1B42ECA73}.Debug|Any CPU.ActiveCfg = Debug|Any CPU
		{C329C2DF-47F1-4008-A428-7AD1B42ECA73}.Debug|Any CPU.Build.0 = Debug|Any CPU
		{C329C2DF-47F1-4008-A428-7AD1B42ECA73}.Release|Any CPU.ActiveCfg = Release|Any CPU
		{C329C2DF-47F1-4008-A428-7AD1B42ECA73}.Release|Any CPU.Build.0 = Release|Any CPU
		{4171475B-33F8-475A-90F4-C06560C06C09}.Debug|Any CPU.ActiveCfg = Debug|Any CPU
		{4171475B-33F8-475A-90F4-C06560C06C09}.Debug|Any CPU.Build.0 = Debug|Any CPU
		{4171475B-33F8-475A-90F4-C06560C06C09}.Release|Any CPU.ActiveCfg = Release|Any CPU
		{4171475B-33F8-475A-90F4-C06560C06C09}.Release|Any CPU.Build.0 = Release|Any CPU
		{8DC09B9F-8FC0-4901-B025-D999F8D95F76}.Debug|Any CPU.ActiveCfg = Debug|Any CPU
		{8DC09B9F-8FC0-4901-B025-D999F8D95F76}.Debug|Any CPU.Build.0 = Debug|Any CPU
		{8DC09B9F-8FC0-4901-B025-D999F8D95F76}.Release|Any CPU.ActiveCfg = Release|Any CPU
		{8DC09B9F-8FC0-4901-B025-D999F8D95F76}.Release|Any CPU.Build.0 = Release|Any CPU
		{595E8905-1AEF-4BAD-83D1-3610F303BC28}.Debug|Any CPU.ActiveCfg = Debug|Any CPU
		{595E8905-1AEF-4BAD-83D1-3610F303BC28}.Debug|Any CPU.Build.0 = Debug|Any CPU
		{595E8905-1AEF-4BAD-83D1-3610F303BC28}.Release|Any CPU.ActiveCfg = Release|Any CPU
		{595E8905-1AEF-4BAD-83D1-3610F303BC28}.Release|Any CPU.Build.0 = Release|Any CPU
		{7939BF4E-EC05-41CB-862A-F3252D5D3D7D}.Debug|Any CPU.ActiveCfg = Debug|Any CPU
		{7939BF4E-EC05-41CB-862A-F3252D5D3D7D}.Debug|Any CPU.Build.0 = Debug|Any CPU
		{7939BF4E-EC05-41CB-862A-F3252D5D3D7D}.Release|Any CPU.ActiveCfg = Release|Any CPU
		{7939BF4E-EC05-41CB-862A-F3252D5D3D7D}.Release|Any CPU.Build.0 = Release|Any CPU
		{10ED2219-BF3C-497E-B6BA-431F3C401076}.Debug|Any CPU.ActiveCfg = Debug|Any CPU
		{10ED2219-BF3C-497E-B6BA-431F3C401076}.Debug|Any CPU.Build.0 = Debug|Any CPU
		{10ED2219-BF3C-497E-B6BA-431F3C401076}.Release|Any CPU.ActiveCfg = Release|Any CPU
		{10ED2219-BF3C-497E-B6BA-431F3C401076}.Release|Any CPU.Build.0 = Release|Any CPU
		{D87850E2-616D-4021-8714-F9EC3D321EEC}.Debug|Any CPU.ActiveCfg = Debug|Any CPU
		{D87850E2-616D-4021-8714-F9EC3D321EEC}.Debug|Any CPU.Build.0 = Debug|Any CPU
		{D87850E2-616D-4021-8714-F9EC3D321EEC}.Release|Any CPU.ActiveCfg = Release|Any CPU
		{D87850E2-616D-4021-8714-F9EC3D321EEC}.Release|Any CPU.Build.0 = Release|Any CPU
		{435D44B1-180D-4540-9BC8-B0AA06ACE78D}.Debug|Any CPU.ActiveCfg = Debug|Any CPU
		{435D44B1-180D-4540-9BC8-B0AA06ACE78D}.Debug|Any CPU.Build.0 = Debug|Any CPU
		{435D44B1-180D-4540-9BC8-B0AA06ACE78D}.Release|Any CPU.ActiveCfg = Release|Any CPU
		{435D44B1-180D-4540-9BC8-B0AA06ACE78D}.Release|Any CPU.Build.0 = Release|Any CPU
		{926662D5-1449-49BE-AE06-3934F433EE17}.Debug|Any CPU.ActiveCfg = Debug|Any CPU
		{926662D5-1449-49BE-AE06-3934F433EE17}.Debug|Any CPU.Build.0 = Debug|Any CPU
		{926662D5-1449-49BE-AE06-3934F433EE17}.Release|Any CPU.ActiveCfg = Release|Any CPU
		{926662D5-1449-49BE-AE06-3934F433EE17}.Release|Any CPU.Build.0 = Release|Any CPU
		{F8034192-2E5A-4829-B7A4-1C60ABB64F92}.Debug|Any CPU.ActiveCfg = Debug|Any CPU
		{F8034192-2E5A-4829-B7A4-1C60ABB64F92}.Debug|Any CPU.Build.0 = Debug|Any CPU
		{F8034192-2E5A-4829-B7A4-1C60ABB64F92}.Release|Any CPU.ActiveCfg = Release|Any CPU
		{F8034192-2E5A-4829-B7A4-1C60ABB64F92}.Release|Any CPU.Build.0 = Release|Any CPU
		{9D1C49E5-EC0D-437C-883F-351EC8D44AA6}.Debug|Any CPU.ActiveCfg = Debug|Any CPU
		{9D1C49E5-EC0D-437C-883F-351EC8D44AA6}.Debug|Any CPU.Build.0 = Debug|Any CPU
		{9D1C49E5-EC0D-437C-883F-351EC8D44AA6}.Release|Any CPU.ActiveCfg = Release|Any CPU
		{9D1C49E5-EC0D-437C-883F-351EC8D44AA6}.Release|Any CPU.Build.0 = Release|Any CPU
		{245732B3-42E1-4277-B930-B4E81476DF49}.Debug|Any CPU.ActiveCfg = Debug|Any CPU
		{245732B3-42E1-4277-B930-B4E81476DF49}.Debug|Any CPU.Build.0 = Debug|Any CPU
		{245732B3-42E1-4277-B930-B4E81476DF49}.Release|Any CPU.ActiveCfg = Release|Any CPU
		{245732B3-42E1-4277-B930-B4E81476DF49}.Release|Any CPU.Build.0 = Release|Any CPU
		{34DE0824-158A-4EA2-A553-13C90381FD78}.Debug|Any CPU.ActiveCfg = Debug|Any CPU
		{34DE0824-158A-4EA2-A553-13C90381FD78}.Debug|Any CPU.Build.0 = Debug|Any CPU
		{34DE0824-158A-4EA2-A553-13C90381FD78}.Release|Any CPU.ActiveCfg = Release|Any CPU
		{34DE0824-158A-4EA2-A553-13C90381FD78}.Release|Any CPU.Build.0 = Release|Any CPU
		{0970D383-3F3F-4481-BA70-CF35104662F8}.Debug|Any CPU.ActiveCfg = Debug|Any CPU
		{0970D383-3F3F-4481-BA70-CF35104662F8}.Debug|Any CPU.Build.0 = Debug|Any CPU
		{0970D383-3F3F-4481-BA70-CF35104662F8}.Release|Any CPU.ActiveCfg = Release|Any CPU
		{0970D383-3F3F-4481-BA70-CF35104662F8}.Release|Any CPU.Build.0 = Release|Any CPU
		{6294CE6E-7B67-45D7-80E2-29ABF22EA6CD}.Debug|Any CPU.ActiveCfg = Debug|Any CPU
		{6294CE6E-7B67-45D7-80E2-29ABF22EA6CD}.Debug|Any CPU.Build.0 = Debug|Any CPU
		{6294CE6E-7B67-45D7-80E2-29ABF22EA6CD}.Release|Any CPU.ActiveCfg = Release|Any CPU
		{6294CE6E-7B67-45D7-80E2-29ABF22EA6CD}.Release|Any CPU.Build.0 = Release|Any CPU
		{F7A27C84-FF0B-4359-8308-9E30B5B58B86}.Debug|Any CPU.ActiveCfg = Debug|Any CPU
		{F7A27C84-FF0B-4359-8308-9E30B5B58B86}.Debug|Any CPU.Build.0 = Debug|Any CPU
		{F7A27C84-FF0B-4359-8308-9E30B5B58B86}.Release|Any CPU.ActiveCfg = Release|Any CPU
		{F7A27C84-FF0B-4359-8308-9E30B5B58B86}.Release|Any CPU.Build.0 = Release|Any CPU
		{6012DBAB-3BD3-4941-9863-29C3E81B2F4A}.Debug|Any CPU.ActiveCfg = Debug|Any CPU
		{6012DBAB-3BD3-4941-9863-29C3E81B2F4A}.Debug|Any CPU.Build.0 = Debug|Any CPU
		{6012DBAB-3BD3-4941-9863-29C3E81B2F4A}.Release|Any CPU.ActiveCfg = Release|Any CPU
		{6012DBAB-3BD3-4941-9863-29C3E81B2F4A}.Release|Any CPU.Build.0 = Release|Any CPU
		{DF883400-20DE-4DA1-BFB6-618DEE87659D}.Debug|Any CPU.ActiveCfg = Debug|Any CPU
		{DF883400-20DE-4DA1-BFB6-618DEE87659D}.Debug|Any CPU.Build.0 = Debug|Any CPU
		{DF883400-20DE-4DA1-BFB6-618DEE87659D}.Release|Any CPU.ActiveCfg = Release|Any CPU
		{DF883400-20DE-4DA1-BFB6-618DEE87659D}.Release|Any CPU.Build.0 = Release|Any CPU
		{AD677BC3-40A6-4159-8AA3-7A797A1287BC}.Debug|Any CPU.ActiveCfg = Debug|Any CPU
		{AD677BC3-40A6-4159-8AA3-7A797A1287BC}.Debug|Any CPU.Build.0 = Debug|Any CPU
		{AD677BC3-40A6-4159-8AA3-7A797A1287BC}.Release|Any CPU.ActiveCfg = Release|Any CPU
		{AD677BC3-40A6-4159-8AA3-7A797A1287BC}.Release|Any CPU.Build.0 = Release|Any CPU
		{BE9BFF86-D435-4D97-8CE8-44DFF8702033}.Debug|Any CPU.ActiveCfg = Debug|Any CPU
		{BE9BFF86-D435-4D97-8CE8-44DFF8702033}.Debug|Any CPU.Build.0 = Debug|Any CPU
		{BE9BFF86-D435-4D97-8CE8-44DFF8702033}.Release|Any CPU.ActiveCfg = Release|Any CPU
		{BE9BFF86-D435-4D97-8CE8-44DFF8702033}.Release|Any CPU.Build.0 = Release|Any CPU
		{4B47FFF2-98EF-46E2-B30C-1DFA87FB82B0}.Debug|Any CPU.ActiveCfg = Debug|Any CPU
		{4B47FFF2-98EF-46E2-B30C-1DFA87FB82B0}.Debug|Any CPU.Build.0 = Debug|Any CPU
		{4B47FFF2-98EF-46E2-B30C-1DFA87FB82B0}.Release|Any CPU.ActiveCfg = Release|Any CPU
		{4B47FFF2-98EF-46E2-B30C-1DFA87FB82B0}.Release|Any CPU.Build.0 = Release|Any CPU
		{D2BE562A-CEC2-4284-95C3-55FBE474862D}.Debug|Any CPU.ActiveCfg = Debug|Any CPU
		{D2BE562A-CEC2-4284-95C3-55FBE474862D}.Debug|Any CPU.Build.0 = Debug|Any CPU
		{D2BE562A-CEC2-4284-95C3-55FBE474862D}.Release|Any CPU.ActiveCfg = Release|Any CPU
		{D2BE562A-CEC2-4284-95C3-55FBE474862D}.Release|Any CPU.Build.0 = Release|Any CPU
		{87762CF5-3EFE-4529-8116-D7214D4711B5}.Debug|Any CPU.ActiveCfg = Debug|Any CPU
		{87762CF5-3EFE-4529-8116-D7214D4711B5}.Debug|Any CPU.Build.0 = Debug|Any CPU
		{87762CF5-3EFE-4529-8116-D7214D4711B5}.Release|Any CPU.ActiveCfg = Release|Any CPU
		{87762CF5-3EFE-4529-8116-D7214D4711B5}.Release|Any CPU.Build.0 = Release|Any CPU
		{65895197-3BB2-4144-9C75-40258E3738D3}.Debug|Any CPU.ActiveCfg = Debug|Any CPU
		{65895197-3BB2-4144-9C75-40258E3738D3}.Debug|Any CPU.Build.0 = Debug|Any CPU
		{65895197-3BB2-4144-9C75-40258E3738D3}.Release|Any CPU.ActiveCfg = Release|Any CPU
		{65895197-3BB2-4144-9C75-40258E3738D3}.Release|Any CPU.Build.0 = Release|Any CPU
		{9826C534-3263-4CB3-8E93-3A663EA60E82}.Debug|Any CPU.ActiveCfg = Debug|Any CPU
		{9826C534-3263-4CB3-8E93-3A663EA60E82}.Debug|Any CPU.Build.0 = Debug|Any CPU
		{9826C534-3263-4CB3-8E93-3A663EA60E82}.Release|Any CPU.ActiveCfg = Release|Any CPU
		{9826C534-3263-4CB3-8E93-3A663EA60E82}.Release|Any CPU.Build.0 = Release|Any CPU
		{4252A2E0-7BF5-4A63-B1DF-57306853BFF0}.Debug|Any CPU.ActiveCfg = Debug|Any CPU
		{4252A2E0-7BF5-4A63-B1DF-57306853BFF0}.Debug|Any CPU.Build.0 = Debug|Any CPU
		{4252A2E0-7BF5-4A63-B1DF-57306853BFF0}.Release|Any CPU.ActiveCfg = Release|Any CPU
		{4252A2E0-7BF5-4A63-B1DF-57306853BFF0}.Release|Any CPU.Build.0 = Release|Any CPU
		{59E78ECF-5C82-4167-A9D4-DC30B20EAE94}.Debug|Any CPU.ActiveCfg = Debug|Any CPU
		{59E78ECF-5C82-4167-A9D4-DC30B20EAE94}.Debug|Any CPU.Build.0 = Debug|Any CPU
		{59E78ECF-5C82-4167-A9D4-DC30B20EAE94}.Release|Any CPU.ActiveCfg = Release|Any CPU
		{59E78ECF-5C82-4167-A9D4-DC30B20EAE94}.Release|Any CPU.Build.0 = Release|Any CPU
		{5059368C-2048-4F89-B420-B6DCE242A46E}.Debug|Any CPU.ActiveCfg = Debug|Any CPU
		{5059368C-2048-4F89-B420-B6DCE242A46E}.Debug|Any CPU.Build.0 = Debug|Any CPU
		{5059368C-2048-4F89-B420-B6DCE242A46E}.Release|Any CPU.ActiveCfg = Release|Any CPU
		{5059368C-2048-4F89-B420-B6DCE242A46E}.Release|Any CPU.Build.0 = Release|Any CPU
		{124D004F-9697-47E5-9BA1-077CD0936822}.Debug|Any CPU.ActiveCfg = Debug|Any CPU
		{124D004F-9697-47E5-9BA1-077CD0936822}.Debug|Any CPU.Build.0 = Debug|Any CPU
		{124D004F-9697-47E5-9BA1-077CD0936822}.Release|Any CPU.ActiveCfg = Release|Any CPU
		{124D004F-9697-47E5-9BA1-077CD0936822}.Release|Any CPU.Build.0 = Release|Any CPU
		{D9504116-0853-41C5-96A3-4F5B80126482}.Debug|Any CPU.ActiveCfg = Debug|Any CPU
		{D9504116-0853-41C5-96A3-4F5B80126482}.Debug|Any CPU.Build.0 = Debug|Any CPU
		{D9504116-0853-41C5-96A3-4F5B80126482}.Release|Any CPU.ActiveCfg = Release|Any CPU
		{D9504116-0853-41C5-96A3-4F5B80126482}.Release|Any CPU.Build.0 = Release|Any CPU
		{1E9CFC71-DC2F-4115-B84E-9A1CFDB25B6D}.Debug|Any CPU.ActiveCfg = Debug|Any CPU
		{1E9CFC71-DC2F-4115-B84E-9A1CFDB25B6D}.Debug|Any CPU.Build.0 = Debug|Any CPU
		{1E9CFC71-DC2F-4115-B84E-9A1CFDB25B6D}.Release|Any CPU.ActiveCfg = Release|Any CPU
		{1E9CFC71-DC2F-4115-B84E-9A1CFDB25B6D}.Release|Any CPU.Build.0 = Release|Any CPU
		{AD02B10E-6168-4D54-BAF4-CF89DDF4D9E3}.Debug|Any CPU.ActiveCfg = Debug|Any CPU
		{AD02B10E-6168-4D54-BAF4-CF89DDF4D9E3}.Debug|Any CPU.Build.0 = Debug|Any CPU
		{AD02B10E-6168-4D54-BAF4-CF89DDF4D9E3}.Release|Any CPU.ActiveCfg = Release|Any CPU
		{AD02B10E-6168-4D54-BAF4-CF89DDF4D9E3}.Release|Any CPU.Build.0 = Release|Any CPU
		{764EC483-D182-432C-B13F-6FC2A62D2B2E}.Debug|Any CPU.ActiveCfg = Debug|Any CPU
		{764EC483-D182-432C-B13F-6FC2A62D2B2E}.Debug|Any CPU.Build.0 = Debug|Any CPU
		{764EC483-D182-432C-B13F-6FC2A62D2B2E}.Release|Any CPU.ActiveCfg = Release|Any CPU
		{764EC483-D182-432C-B13F-6FC2A62D2B2E}.Release|Any CPU.Build.0 = Release|Any CPU
		{D69D22A1-B986-416E-9EC0-5D872536746B}.Debug|Any CPU.ActiveCfg = Debug|Any CPU
		{D69D22A1-B986-416E-9EC0-5D872536746B}.Debug|Any CPU.Build.0 = Debug|Any CPU
		{D69D22A1-B986-416E-9EC0-5D872536746B}.Release|Any CPU.ActiveCfg = Release|Any CPU
		{D69D22A1-B986-416E-9EC0-5D872536746B}.Release|Any CPU.Build.0 = Release|Any CPU
		{20D49983-22F4-460B-B159-C901DB48182D}.Debug|Any CPU.ActiveCfg = Debug|Any CPU
		{20D49983-22F4-460B-B159-C901DB48182D}.Debug|Any CPU.Build.0 = Debug|Any CPU
		{20D49983-22F4-460B-B159-C901DB48182D}.Release|Any CPU.ActiveCfg = Release|Any CPU
		{20D49983-22F4-460B-B159-C901DB48182D}.Release|Any CPU.Build.0 = Release|Any CPU
		{ABABAA67-190E-4F97-BAA8-70A716864B4C}.Debug|Any CPU.ActiveCfg = Debug|Any CPU
		{ABABAA67-190E-4F97-BAA8-70A716864B4C}.Debug|Any CPU.Build.0 = Debug|Any CPU
		{ABABAA67-190E-4F97-BAA8-70A716864B4C}.Release|Any CPU.ActiveCfg = Release|Any CPU
		{ABABAA67-190E-4F97-BAA8-70A716864B4C}.Release|Any CPU.Build.0 = Release|Any CPU
		{5ECEB4C4-DCC8-4E5B-AA00-D5D5E08CC3A3}.Debug|Any CPU.ActiveCfg = Debug|Any CPU
		{5ECEB4C4-DCC8-4E5B-AA00-D5D5E08CC3A3}.Debug|Any CPU.Build.0 = Debug|Any CPU
		{5ECEB4C4-DCC8-4E5B-AA00-D5D5E08CC3A3}.Release|Any CPU.ActiveCfg = Release|Any CPU
		{5ECEB4C4-DCC8-4E5B-AA00-D5D5E08CC3A3}.Release|Any CPU.Build.0 = Release|Any CPU
		{4BAE4E00-BDD8-4A1B-8C57-8C4150B29EB5}.Debug|Any CPU.ActiveCfg = Debug|Any CPU
		{4BAE4E00-BDD8-4A1B-8C57-8C4150B29EB5}.Debug|Any CPU.Build.0 = Debug|Any CPU
		{4BAE4E00-BDD8-4A1B-8C57-8C4150B29EB5}.Release|Any CPU.ActiveCfg = Release|Any CPU
		{4BAE4E00-BDD8-4A1B-8C57-8C4150B29EB5}.Release|Any CPU.Build.0 = Release|Any CPU
		{16F54FFB-EDA0-436D-95D7-71A7D98AB471}.Debug|Any CPU.ActiveCfg = Debug|Any CPU
		{16F54FFB-EDA0-436D-95D7-71A7D98AB471}.Debug|Any CPU.Build.0 = Debug|Any CPU
		{16F54FFB-EDA0-436D-95D7-71A7D98AB471}.Release|Any CPU.ActiveCfg = Release|Any CPU
		{16F54FFB-EDA0-436D-95D7-71A7D98AB471}.Release|Any CPU.Build.0 = Release|Any CPU
		{81A5B80D-C6D7-44A7-8169-D071F53DB661}.Debug|Any CPU.ActiveCfg = Debug|Any CPU
		{81A5B80D-C6D7-44A7-8169-D071F53DB661}.Debug|Any CPU.Build.0 = Debug|Any CPU
		{81A5B80D-C6D7-44A7-8169-D071F53DB661}.Release|Any CPU.ActiveCfg = Release|Any CPU
		{81A5B80D-C6D7-44A7-8169-D071F53DB661}.Release|Any CPU.Build.0 = Release|Any CPU
		{B8D300CC-4848-41F2-AC18-92DAC39316BB}.Debug|Any CPU.ActiveCfg = Debug|Any CPU
		{B8D300CC-4848-41F2-AC18-92DAC39316BB}.Debug|Any CPU.Build.0 = Debug|Any CPU
		{B8D300CC-4848-41F2-AC18-92DAC39316BB}.Release|Any CPU.ActiveCfg = Release|Any CPU
		{B8D300CC-4848-41F2-AC18-92DAC39316BB}.Release|Any CPU.Build.0 = Release|Any CPU
		{FBA824E2-2504-4A5A-9C61-386E16FABE07}.Debug|Any CPU.ActiveCfg = Debug|Any CPU
		{FBA824E2-2504-4A5A-9C61-386E16FABE07}.Debug|Any CPU.Build.0 = Debug|Any CPU
		{FBA824E2-2504-4A5A-9C61-386E16FABE07}.Release|Any CPU.ActiveCfg = Release|Any CPU
		{FBA824E2-2504-4A5A-9C61-386E16FABE07}.Release|Any CPU.Build.0 = Release|Any CPU
		{D601DE05-EE02-488D-BDA2-D35975233CE4}.Debug|Any CPU.ActiveCfg = Debug|Any CPU
		{D601DE05-EE02-488D-BDA2-D35975233CE4}.Debug|Any CPU.Build.0 = Debug|Any CPU
		{D601DE05-EE02-488D-BDA2-D35975233CE4}.Release|Any CPU.ActiveCfg = Release|Any CPU
		{D601DE05-EE02-488D-BDA2-D35975233CE4}.Release|Any CPU.Build.0 = Release|Any CPU
		{316E806D-BFAB-4934-8AEF-DAF9F3CBB2AF}.Debug|Any CPU.ActiveCfg = Debug|Any CPU
		{316E806D-BFAB-4934-8AEF-DAF9F3CBB2AF}.Debug|Any CPU.Build.0 = Debug|Any CPU
		{316E806D-BFAB-4934-8AEF-DAF9F3CBB2AF}.Release|Any CPU.ActiveCfg = Release|Any CPU
		{316E806D-BFAB-4934-8AEF-DAF9F3CBB2AF}.Release|Any CPU.Build.0 = Release|Any CPU
		{D34384B2-8372-4B84-9BC5-84CCC052D8F7}.Debug|Any CPU.ActiveCfg = Debug|Any CPU
		{D34384B2-8372-4B84-9BC5-84CCC052D8F7}.Debug|Any CPU.Build.0 = Debug|Any CPU
		{D34384B2-8372-4B84-9BC5-84CCC052D8F7}.Release|Any CPU.ActiveCfg = Release|Any CPU
		{D34384B2-8372-4B84-9BC5-84CCC052D8F7}.Release|Any CPU.Build.0 = Release|Any CPU
		{D8A5DB5B-3B75-4D5B-B52D-C13E0DEB667B}.Debug|Any CPU.ActiveCfg = Debug|Any CPU
		{D8A5DB5B-3B75-4D5B-B52D-C13E0DEB667B}.Debug|Any CPU.Build.0 = Debug|Any CPU
		{D8A5DB5B-3B75-4D5B-B52D-C13E0DEB667B}.Release|Any CPU.ActiveCfg = Release|Any CPU
		{D8A5DB5B-3B75-4D5B-B52D-C13E0DEB667B}.Release|Any CPU.Build.0 = Release|Any CPU
		{4D431784-17C5-4126-925A-4790797A576F}.Debug|Any CPU.ActiveCfg = Debug|Any CPU
		{4D431784-17C5-4126-925A-4790797A576F}.Debug|Any CPU.Build.0 = Debug|Any CPU
		{4D431784-17C5-4126-925A-4790797A576F}.Release|Any CPU.ActiveCfg = Release|Any CPU
		{4D431784-17C5-4126-925A-4790797A576F}.Release|Any CPU.Build.0 = Release|Any CPU
		{95EF2D63-204C-4F2B-B20F-FF5D0F6AA470}.Debug|Any CPU.ActiveCfg = Debug|Any CPU
		{95EF2D63-204C-4F2B-B20F-FF5D0F6AA470}.Debug|Any CPU.Build.0 = Debug|Any CPU
		{95EF2D63-204C-4F2B-B20F-FF5D0F6AA470}.Release|Any CPU.ActiveCfg = Release|Any CPU
		{95EF2D63-204C-4F2B-B20F-FF5D0F6AA470}.Release|Any CPU.Build.0 = Release|Any CPU
		{BE640F82-A081-4F01-ABCE-9A2656772032}.Debug|Any CPU.ActiveCfg = Debug|Any CPU
		{BE640F82-A081-4F01-ABCE-9A2656772032}.Debug|Any CPU.Build.0 = Debug|Any CPU
		{BE640F82-A081-4F01-ABCE-9A2656772032}.Release|Any CPU.ActiveCfg = Release|Any CPU
		{BE640F82-A081-4F01-ABCE-9A2656772032}.Release|Any CPU.Build.0 = Release|Any CPU
		{3C9C59F9-51E1-4556-BE14-273BD84E717B}.Debug|Any CPU.ActiveCfg = Debug|Any CPU
		{3C9C59F9-51E1-4556-BE14-273BD84E717B}.Debug|Any CPU.Build.0 = Debug|Any CPU
		{3C9C59F9-51E1-4556-BE14-273BD84E717B}.Release|Any CPU.ActiveCfg = Release|Any CPU
		{3C9C59F9-51E1-4556-BE14-273BD84E717B}.Release|Any CPU.Build.0 = Release|Any CPU
		{342D91E8-E61E-459A-98DC-3EBF17934DF5}.Debug|Any CPU.ActiveCfg = Debug|Any CPU
		{342D91E8-E61E-459A-98DC-3EBF17934DF5}.Debug|Any CPU.Build.0 = Debug|Any CPU
		{342D91E8-E61E-459A-98DC-3EBF17934DF5}.Release|Any CPU.ActiveCfg = Release|Any CPU
		{342D91E8-E61E-459A-98DC-3EBF17934DF5}.Release|Any CPU.Build.0 = Release|Any CPU
		{718FCD91-3261-458E-B789-552C4EB0A86A}.Debug|Any CPU.ActiveCfg = Debug|Any CPU
		{718FCD91-3261-458E-B789-552C4EB0A86A}.Debug|Any CPU.Build.0 = Debug|Any CPU
		{718FCD91-3261-458E-B789-552C4EB0A86A}.Release|Any CPU.ActiveCfg = Release|Any CPU
		{718FCD91-3261-458E-B789-552C4EB0A86A}.Release|Any CPU.Build.0 = Release|Any CPU
		{B7DD3169-24EC-4B0F-AEBB-ABB681810787}.Debug|Any CPU.ActiveCfg = Debug|Any CPU
		{B7DD3169-24EC-4B0F-AEBB-ABB681810787}.Debug|Any CPU.Build.0 = Debug|Any CPU
		{B7DD3169-24EC-4B0F-AEBB-ABB681810787}.Release|Any CPU.ActiveCfg = Release|Any CPU
		{B7DD3169-24EC-4B0F-AEBB-ABB681810787}.Release|Any CPU.Build.0 = Release|Any CPU
		{D29BED42-D5A4-4D0E-8EE0-96D13673DEAE}.Debug|Any CPU.ActiveCfg = Debug|Any CPU
		{D29BED42-D5A4-4D0E-8EE0-96D13673DEAE}.Debug|Any CPU.Build.0 = Debug|Any CPU
		{D29BED42-D5A4-4D0E-8EE0-96D13673DEAE}.Release|Any CPU.ActiveCfg = Release|Any CPU
		{D29BED42-D5A4-4D0E-8EE0-96D13673DEAE}.Release|Any CPU.Build.0 = Release|Any CPU
		{D20E7DDB-D622-40EB-A991-A6FA43E06069}.Debug|Any CPU.ActiveCfg = Debug|Any CPU
		{D20E7DDB-D622-40EB-A991-A6FA43E06069}.Debug|Any CPU.Build.0 = Debug|Any CPU
		{D20E7DDB-D622-40EB-A991-A6FA43E06069}.Release|Any CPU.ActiveCfg = Release|Any CPU
		{D20E7DDB-D622-40EB-A991-A6FA43E06069}.Release|Any CPU.Build.0 = Release|Any CPU
		{FF43273B-A769-49BA-A80C-F18547A9F170}.Debug|Any CPU.ActiveCfg = Debug|Any CPU
		{FF43273B-A769-49BA-A80C-F18547A9F170}.Debug|Any CPU.Build.0 = Debug|Any CPU
		{FF43273B-A769-49BA-A80C-F18547A9F170}.Release|Any CPU.ActiveCfg = Release|Any CPU
		{FF43273B-A769-49BA-A80C-F18547A9F170}.Release|Any CPU.Build.0 = Release|Any CPU
		{43C66A33-4C05-4571-A084-1E641A56E792}.Debug|Any CPU.ActiveCfg = Debug|Any CPU
		{43C66A33-4C05-4571-A084-1E641A56E792}.Debug|Any CPU.Build.0 = Debug|Any CPU
		{43C66A33-4C05-4571-A084-1E641A56E792}.Release|Any CPU.ActiveCfg = Release|Any CPU
		{43C66A33-4C05-4571-A084-1E641A56E792}.Release|Any CPU.Build.0 = Release|Any CPU
		{1E952FAC-83CC-4C98-896C-BA46408DBFA0}.Debug|Any CPU.ActiveCfg = Debug|Any CPU
		{1E952FAC-83CC-4C98-896C-BA46408DBFA0}.Debug|Any CPU.Build.0 = Debug|Any CPU
		{1E952FAC-83CC-4C98-896C-BA46408DBFA0}.Release|Any CPU.ActiveCfg = Release|Any CPU
		{1E952FAC-83CC-4C98-896C-BA46408DBFA0}.Release|Any CPU.Build.0 = Release|Any CPU
		{54DFA925-B3A6-4A56-B99F-84DC6A4C3FA0}.Debug|Any CPU.ActiveCfg = Debug|Any CPU
		{54DFA925-B3A6-4A56-B99F-84DC6A4C3FA0}.Debug|Any CPU.Build.0 = Debug|Any CPU
		{54DFA925-B3A6-4A56-B99F-84DC6A4C3FA0}.Release|Any CPU.ActiveCfg = Release|Any CPU
		{54DFA925-B3A6-4A56-B99F-84DC6A4C3FA0}.Release|Any CPU.Build.0 = Release|Any CPU
		{AF49F364-1881-44A0-8414-CDDB34AD09AB}.Debug|Any CPU.ActiveCfg = Debug|Any CPU
		{AF49F364-1881-44A0-8414-CDDB34AD09AB}.Debug|Any CPU.Build.0 = Debug|Any CPU
		{AF49F364-1881-44A0-8414-CDDB34AD09AB}.Release|Any CPU.ActiveCfg = Release|Any CPU
		{AF49F364-1881-44A0-8414-CDDB34AD09AB}.Release|Any CPU.Build.0 = Release|Any CPU
		{9EFF2C8E-8212-4D86-9AC3-1D6DC64C0E06}.Debug|Any CPU.ActiveCfg = Debug|Any CPU
		{9EFF2C8E-8212-4D86-9AC3-1D6DC64C0E06}.Debug|Any CPU.Build.0 = Debug|Any CPU
		{9EFF2C8E-8212-4D86-9AC3-1D6DC64C0E06}.Release|Any CPU.ActiveCfg = Release|Any CPU
		{9EFF2C8E-8212-4D86-9AC3-1D6DC64C0E06}.Release|Any CPU.Build.0 = Release|Any CPU
		{E2DAF119-8655-4374-9EF8-5E917BD94109}.Debug|Any CPU.ActiveCfg = Debug|Any CPU
		{E2DAF119-8655-4374-9EF8-5E917BD94109}.Debug|Any CPU.Build.0 = Debug|Any CPU
		{E2DAF119-8655-4374-9EF8-5E917BD94109}.Release|Any CPU.ActiveCfg = Release|Any CPU
		{E2DAF119-8655-4374-9EF8-5E917BD94109}.Release|Any CPU.Build.0 = Release|Any CPU
		{CAFB6689-FF29-4E45-8BD4-DBDAE3DD161C}.Debug|Any CPU.ActiveCfg = Debug|Any CPU
		{CAFB6689-FF29-4E45-8BD4-DBDAE3DD161C}.Debug|Any CPU.Build.0 = Debug|Any CPU
		{CAFB6689-FF29-4E45-8BD4-DBDAE3DD161C}.Release|Any CPU.ActiveCfg = Release|Any CPU
		{CAFB6689-FF29-4E45-8BD4-DBDAE3DD161C}.Release|Any CPU.Build.0 = Release|Any CPU
		{FF17CED5-8CBA-4C24-AC0A-91059F635EB5}.Debug|Any CPU.ActiveCfg = Debug|Any CPU
		{FF17CED5-8CBA-4C24-AC0A-91059F635EB5}.Debug|Any CPU.Build.0 = Debug|Any CPU
		{FF17CED5-8CBA-4C24-AC0A-91059F635EB5}.Release|Any CPU.ActiveCfg = Release|Any CPU
		{FF17CED5-8CBA-4C24-AC0A-91059F635EB5}.Release|Any CPU.Build.0 = Release|Any CPU
		{5ECF4780-0339-4EE4-A810-E644D1BD57A5}.Debug|Any CPU.ActiveCfg = Debug|Any CPU
		{5ECF4780-0339-4EE4-A810-E644D1BD57A5}.Debug|Any CPU.Build.0 = Debug|Any CPU
		{5ECF4780-0339-4EE4-A810-E644D1BD57A5}.Release|Any CPU.ActiveCfg = Release|Any CPU
		{5ECF4780-0339-4EE4-A810-E644D1BD57A5}.Release|Any CPU.Build.0 = Release|Any CPU
		{525201D8-4BC9-4C4D-8BBC-D63FC239FA03}.Debug|Any CPU.ActiveCfg = Debug|Any CPU
		{525201D8-4BC9-4C4D-8BBC-D63FC239FA03}.Debug|Any CPU.Build.0 = Debug|Any CPU
		{525201D8-4BC9-4C4D-8BBC-D63FC239FA03}.Release|Any CPU.ActiveCfg = Release|Any CPU
		{525201D8-4BC9-4C4D-8BBC-D63FC239FA03}.Release|Any CPU.Build.0 = Release|Any CPU
		{0DFAA163-33F3-4E67-88C0-D076337A3BE5}.Debug|Any CPU.ActiveCfg = Debug|Any CPU
		{0DFAA163-33F3-4E67-88C0-D076337A3BE5}.Debug|Any CPU.Build.0 = Debug|Any CPU
		{0DFAA163-33F3-4E67-88C0-D076337A3BE5}.Release|Any CPU.ActiveCfg = Release|Any CPU
		{0DFAA163-33F3-4E67-88C0-D076337A3BE5}.Release|Any CPU.Build.0 = Release|Any CPU
		{77512C70-27A3-4725-8B85-0A623BADC17E}.Debug|Any CPU.ActiveCfg = Debug|Any CPU
		{77512C70-27A3-4725-8B85-0A623BADC17E}.Debug|Any CPU.Build.0 = Debug|Any CPU
		{77512C70-27A3-4725-8B85-0A623BADC17E}.Release|Any CPU.ActiveCfg = Release|Any CPU
		{77512C70-27A3-4725-8B85-0A623BADC17E}.Release|Any CPU.Build.0 = Release|Any CPU
		{C69EBE8A-A773-4515-A311-D08AD6012C91}.Debug|Any CPU.ActiveCfg = Debug|Any CPU
		{C69EBE8A-A773-4515-A311-D08AD6012C91}.Debug|Any CPU.Build.0 = Debug|Any CPU
		{C69EBE8A-A773-4515-A311-D08AD6012C91}.Release|Any CPU.ActiveCfg = Release|Any CPU
		{C69EBE8A-A773-4515-A311-D08AD6012C91}.Release|Any CPU.Build.0 = Release|Any CPU
		{49C5450F-DF58-458A-B0BE-534AF5F0B8FA}.Debug|Any CPU.ActiveCfg = Debug|Any CPU
		{49C5450F-DF58-458A-B0BE-534AF5F0B8FA}.Debug|Any CPU.Build.0 = Debug|Any CPU
		{49C5450F-DF58-458A-B0BE-534AF5F0B8FA}.Release|Any CPU.ActiveCfg = Release|Any CPU
		{49C5450F-DF58-458A-B0BE-534AF5F0B8FA}.Release|Any CPU.Build.0 = Release|Any CPU
		{353A0C09-8066-4AA6-B643-1BD5F1A6DE74}.Debug|Any CPU.ActiveCfg = Debug|Any CPU
		{353A0C09-8066-4AA6-B643-1BD5F1A6DE74}.Debug|Any CPU.Build.0 = Debug|Any CPU
		{353A0C09-8066-4AA6-B643-1BD5F1A6DE74}.Release|Any CPU.ActiveCfg = Release|Any CPU
		{353A0C09-8066-4AA6-B643-1BD5F1A6DE74}.Release|Any CPU.Build.0 = Release|Any CPU
		{2428ED7A-2328-4741-8F73-7EFFDBB3B3BE}.Debug|Any CPU.ActiveCfg = Debug|Any CPU
		{2428ED7A-2328-4741-8F73-7EFFDBB3B3BE}.Debug|Any CPU.Build.0 = Debug|Any CPU
		{2428ED7A-2328-4741-8F73-7EFFDBB3B3BE}.Release|Any CPU.ActiveCfg = Release|Any CPU
		{2428ED7A-2328-4741-8F73-7EFFDBB3B3BE}.Release|Any CPU.Build.0 = Release|Any CPU
		{8C38BC54-DA32-4F49-B64A-C4F4A8742318}.Debug|Any CPU.ActiveCfg = Debug|Any CPU
		{8C38BC54-DA32-4F49-B64A-C4F4A8742318}.Debug|Any CPU.Build.0 = Debug|Any CPU
		{8C38BC54-DA32-4F49-B64A-C4F4A8742318}.Release|Any CPU.ActiveCfg = Release|Any CPU
		{8C38BC54-DA32-4F49-B64A-C4F4A8742318}.Release|Any CPU.Build.0 = Release|Any CPU
		{6E945CEB-839C-4BC5-86DD-1D49B4958334}.Debug|Any CPU.ActiveCfg = Debug|Any CPU
		{6E945CEB-839C-4BC5-86DD-1D49B4958334}.Debug|Any CPU.Build.0 = Debug|Any CPU
		{6E945CEB-839C-4BC5-86DD-1D49B4958334}.Release|Any CPU.ActiveCfg = Release|Any CPU
		{6E945CEB-839C-4BC5-86DD-1D49B4958334}.Release|Any CPU.Build.0 = Release|Any CPU
		{36D8E434-5854-4625-B5DD-360C41398649}.Debug|Any CPU.ActiveCfg = Debug|Any CPU
		{36D8E434-5854-4625-B5DD-360C41398649}.Debug|Any CPU.Build.0 = Debug|Any CPU
		{36D8E434-5854-4625-B5DD-360C41398649}.Release|Any CPU.ActiveCfg = Release|Any CPU
		{36D8E434-5854-4625-B5DD-360C41398649}.Release|Any CPU.Build.0 = Release|Any CPU
		{4702D4BE-D7FD-4371-9484-14A288259DE5}.Debug|Any CPU.ActiveCfg = Debug|Any CPU
		{4702D4BE-D7FD-4371-9484-14A288259DE5}.Debug|Any CPU.Build.0 = Debug|Any CPU
		{4702D4BE-D7FD-4371-9484-14A288259DE5}.Release|Any CPU.ActiveCfg = Release|Any CPU
		{4702D4BE-D7FD-4371-9484-14A288259DE5}.Release|Any CPU.Build.0 = Release|Any CPU
		{18DFD762-8F10-4037-8B73-B41B7884594B}.Debug|Any CPU.ActiveCfg = Debug|Any CPU
		{18DFD762-8F10-4037-8B73-B41B7884594B}.Debug|Any CPU.Build.0 = Debug|Any CPU
		{18DFD762-8F10-4037-8B73-B41B7884594B}.Release|Any CPU.ActiveCfg = Release|Any CPU
		{18DFD762-8F10-4037-8B73-B41B7884594B}.Release|Any CPU.Build.0 = Release|Any CPU
		{2FCB75A6-AB5F-4AB0-804D-C420B03593D1}.Debug|Any CPU.ActiveCfg = Debug|Any CPU
		{2FCB75A6-AB5F-4AB0-804D-C420B03593D1}.Debug|Any CPU.Build.0 = Debug|Any CPU
		{2FCB75A6-AB5F-4AB0-804D-C420B03593D1}.Release|Any CPU.ActiveCfg = Release|Any CPU
		{2FCB75A6-AB5F-4AB0-804D-C420B03593D1}.Release|Any CPU.Build.0 = Release|Any CPU
	EndGlobalSection
	GlobalSection(SolutionProperties) = preSolution
		HideSolutionNode = FALSE
	EndGlobalSection
	GlobalSection(NestedProjects) = preSolution
		{44B16D23-940D-4905-94E0-7CFDE1EB5B9A} = {117E7FB9-D998-4697-8FF7-911AA339D267}
		{A230733B-6ABE-455E-85F2-88420AE6EB4E} = {117E7FB9-D998-4697-8FF7-911AA339D267}
		{7722C395-A09E-44D9-B7DF-628284A350CC} = {117E7FB9-D998-4697-8FF7-911AA339D267}
		{2764CFC6-852D-41E3-8BC1-09B63C4399E9} = {117E7FB9-D998-4697-8FF7-911AA339D267}
		{02A04B0B-9771-4126-8842-09FC00F909FC} = {117E7FB9-D998-4697-8FF7-911AA339D267}
		{198CD873-FD01-4D14-B61D-8B3ED817870B} = {117E7FB9-D998-4697-8FF7-911AA339D267}
		{C2593770-1D65-4E50-9BA1-EC2E8174AB98} = {117E7FB9-D998-4697-8FF7-911AA339D267}
		{1C4062F7-6D2E-456C-AD20-73AF3E8B7D45} = {117E7FB9-D998-4697-8FF7-911AA339D267}
		{96D844B0-7A5D-4560-B6F7-D7A9EFAB4013} = {117E7FB9-D998-4697-8FF7-911AA339D267}
		{42DD3EF2-24AA-4A43-BCCF-9A8C3B4EBBDB} = {117E7FB9-D998-4697-8FF7-911AA339D267}
		{D2138CFF-E1E8-4D4C-9FFD-3A195E958BF1} = {117E7FB9-D998-4697-8FF7-911AA339D267}
		{6D3A1771-76C8-4E6F-A80D-5D706FB55F93} = {117E7FB9-D998-4697-8FF7-911AA339D267}
		{BF3B137D-07B5-4235-89E8-71F28522088D} = {117E7FB9-D998-4697-8FF7-911AA339D267}
		{104FBC88-359F-42EE-8580-ECDD9390CEC2} = {117E7FB9-D998-4697-8FF7-911AA339D267}
		{D99F27B8-63FC-44BD-B156-C7135C12A3EC} = {117E7FB9-D998-4697-8FF7-911AA339D267}
		{B91B6FF8-09EF-411E-A6EB-3460E42C3C61} = {117E7FB9-D998-4697-8FF7-911AA339D267}
		{DF428C22-208B-4462-AF5B-AFFD2BEC600D} = {117E7FB9-D998-4697-8FF7-911AA339D267}
		{684014B8-D0D3-4654-AC4B-C45EE41EE7BC} = {117E7FB9-D998-4697-8FF7-911AA339D267}
		{4293F576-7E7F-4934-A2BE-3EADF80D3867} = {117E7FB9-D998-4697-8FF7-911AA339D267}
		{EECEF237-9091-44B1-B12A-C7A9C6AE8AE8} = {117E7FB9-D998-4697-8FF7-911AA339D267}
		{11A4D8B3-0619-4283-A6DE-048BF770385B} = {117E7FB9-D998-4697-8FF7-911AA339D267}
		{3A58E16A-0E2A-42B4-BA02-6FD72E8E4EE3} = {117E7FB9-D998-4697-8FF7-911AA339D267}
		{C468BD78-ED7A-4E39-AC4A-BB235A581C5E} = {117E7FB9-D998-4697-8FF7-911AA339D267}
		{FCBC55FF-B010-48AD-9F54-50E2DFE7F07D} = {117E7FB9-D998-4697-8FF7-911AA339D267}
		{2CE29733-6C63-45E7-AB27-61C8E0750C7E} = {117E7FB9-D998-4697-8FF7-911AA339D267}
		{A0CB8F46-B0EA-486F-922F-0B42B4D65598} = {117E7FB9-D998-4697-8FF7-911AA339D267}
		{4EA3BFF5-B915-46F6-9750-D0C236F02F91} = {117E7FB9-D998-4697-8FF7-911AA339D267}
		{C329C2DF-47F1-4008-A428-7AD1B42ECA73} = {117E7FB9-D998-4697-8FF7-911AA339D267}
		{4171475B-33F8-475A-90F4-C06560C06C09} = {117E7FB9-D998-4697-8FF7-911AA339D267}
		{8DC09B9F-8FC0-4901-B025-D999F8D95F76} = {117E7FB9-D998-4697-8FF7-911AA339D267}
		{595E8905-1AEF-4BAD-83D1-3610F303BC28} = {117E7FB9-D998-4697-8FF7-911AA339D267}
		{7939BF4E-EC05-41CB-862A-F3252D5D3D7D} = {117E7FB9-D998-4697-8FF7-911AA339D267}
		{10ED2219-BF3C-497E-B6BA-431F3C401076} = {117E7FB9-D998-4697-8FF7-911AA339D267}
		{D87850E2-616D-4021-8714-F9EC3D321EEC} = {117E7FB9-D998-4697-8FF7-911AA339D267}
		{435D44B1-180D-4540-9BC8-B0AA06ACE78D} = {117E7FB9-D998-4697-8FF7-911AA339D267}
		{926662D5-1449-49BE-AE06-3934F433EE17} = {117E7FB9-D998-4697-8FF7-911AA339D267}
		{F8034192-2E5A-4829-B7A4-1C60ABB64F92} = {117E7FB9-D998-4697-8FF7-911AA339D267}
		{9D1C49E5-EC0D-437C-883F-351EC8D44AA6} = {117E7FB9-D998-4697-8FF7-911AA339D267}
		{245732B3-42E1-4277-B930-B4E81476DF49} = {117E7FB9-D998-4697-8FF7-911AA339D267}
		{34DE0824-158A-4EA2-A553-13C90381FD78} = {117E7FB9-D998-4697-8FF7-911AA339D267}
		{0970D383-3F3F-4481-BA70-CF35104662F8} = {117E7FB9-D998-4697-8FF7-911AA339D267}
		{6294CE6E-7B67-45D7-80E2-29ABF22EA6CD} = {117E7FB9-D998-4697-8FF7-911AA339D267}
		{F7A27C84-FF0B-4359-8308-9E30B5B58B86} = {117E7FB9-D998-4697-8FF7-911AA339D267}
		{6012DBAB-3BD3-4941-9863-29C3E81B2F4A} = {117E7FB9-D998-4697-8FF7-911AA339D267}
		{DF883400-20DE-4DA1-BFB6-618DEE87659D} = {117E7FB9-D998-4697-8FF7-911AA339D267}
		{AD677BC3-40A6-4159-8AA3-7A797A1287BC} = {117E7FB9-D998-4697-8FF7-911AA339D267}
		{BE9BFF86-D435-4D97-8CE8-44DFF8702033} = {117E7FB9-D998-4697-8FF7-911AA339D267}
		{4B47FFF2-98EF-46E2-B30C-1DFA87FB82B0} = {117E7FB9-D998-4697-8FF7-911AA339D267}
		{D2BE562A-CEC2-4284-95C3-55FBE474862D} = {117E7FB9-D998-4697-8FF7-911AA339D267}
		{87762CF5-3EFE-4529-8116-D7214D4711B5} = {117E7FB9-D998-4697-8FF7-911AA339D267}
		{65895197-3BB2-4144-9C75-40258E3738D3} = {117E7FB9-D998-4697-8FF7-911AA339D267}
		{9826C534-3263-4CB3-8E93-3A663EA60E82} = {117E7FB9-D998-4697-8FF7-911AA339D267}
		{4252A2E0-7BF5-4A63-B1DF-57306853BFF0} = {117E7FB9-D998-4697-8FF7-911AA339D267}
		{59E78ECF-5C82-4167-A9D4-DC30B20EAE94} = {117E7FB9-D998-4697-8FF7-911AA339D267}
		{5059368C-2048-4F89-B420-B6DCE242A46E} = {117E7FB9-D998-4697-8FF7-911AA339D267}
		{124D004F-9697-47E5-9BA1-077CD0936822} = {117E7FB9-D998-4697-8FF7-911AA339D267}
		{D9504116-0853-41C5-96A3-4F5B80126482} = {117E7FB9-D998-4697-8FF7-911AA339D267}
		{1E9CFC71-DC2F-4115-B84E-9A1CFDB25B6D} = {117E7FB9-D998-4697-8FF7-911AA339D267}
		{AD02B10E-6168-4D54-BAF4-CF89DDF4D9E3} = {117E7FB9-D998-4697-8FF7-911AA339D267}
		{764EC483-D182-432C-B13F-6FC2A62D2B2E} = {117E7FB9-D998-4697-8FF7-911AA339D267}
		{D69D22A1-B986-416E-9EC0-5D872536746B} = {117E7FB9-D998-4697-8FF7-911AA339D267}
		{20D49983-22F4-460B-B159-C901DB48182D} = {117E7FB9-D998-4697-8FF7-911AA339D267}
		{ABABAA67-190E-4F97-BAA8-70A716864B4C} = {117E7FB9-D998-4697-8FF7-911AA339D267}
		{5ECEB4C4-DCC8-4E5B-AA00-D5D5E08CC3A3} = {117E7FB9-D998-4697-8FF7-911AA339D267}
		{4BAE4E00-BDD8-4A1B-8C57-8C4150B29EB5} = {117E7FB9-D998-4697-8FF7-911AA339D267}
		{16F54FFB-EDA0-436D-95D7-71A7D98AB471} = {117E7FB9-D998-4697-8FF7-911AA339D267}
		{81A5B80D-C6D7-44A7-8169-D071F53DB661} = {117E7FB9-D998-4697-8FF7-911AA339D267}
		{B8D300CC-4848-41F2-AC18-92DAC39316BB} = {215749DE-323E-42F6-9CF0-4BDD89212A69}
		{FBA824E2-2504-4A5A-9C61-386E16FABE07} = {117E7FB9-D998-4697-8FF7-911AA339D267}
		{D601DE05-EE02-488D-BDA2-D35975233CE4} = {117E7FB9-D998-4697-8FF7-911AA339D267}
		{316E806D-BFAB-4934-8AEF-DAF9F3CBB2AF} = {117E7FB9-D998-4697-8FF7-911AA339D267}
		{D34384B2-8372-4B84-9BC5-84CCC052D8F7} = {117E7FB9-D998-4697-8FF7-911AA339D267}
		{D8A5DB5B-3B75-4D5B-B52D-C13E0DEB667B} = {117E7FB9-D998-4697-8FF7-911AA339D267}
		{4D431784-17C5-4126-925A-4790797A576F} = {117E7FB9-D998-4697-8FF7-911AA339D267}
		{95EF2D63-204C-4F2B-B20F-FF5D0F6AA470} = {117E7FB9-D998-4697-8FF7-911AA339D267}
		{BE640F82-A081-4F01-ABCE-9A2656772032} = {117E7FB9-D998-4697-8FF7-911AA339D267}
		{3C9C59F9-51E1-4556-BE14-273BD84E717B} = {117E7FB9-D998-4697-8FF7-911AA339D267}
		{342D91E8-E61E-459A-98DC-3EBF17934DF5} = {117E7FB9-D998-4697-8FF7-911AA339D267}
		{718FCD91-3261-458E-B789-552C4EB0A86A} = {117E7FB9-D998-4697-8FF7-911AA339D267}
		{B7DD3169-24EC-4B0F-AEBB-ABB681810787} = {117E7FB9-D998-4697-8FF7-911AA339D267}
		{D29BED42-D5A4-4D0E-8EE0-96D13673DEAE} = {117E7FB9-D998-4697-8FF7-911AA339D267}
		{D20E7DDB-D622-40EB-A991-A6FA43E06069} = {117E7FB9-D998-4697-8FF7-911AA339D267}
		{FF43273B-A769-49BA-A80C-F18547A9F170} = {117E7FB9-D998-4697-8FF7-911AA339D267}
		{43C66A33-4C05-4571-A084-1E641A56E792} = {117E7FB9-D998-4697-8FF7-911AA339D267}
		{1E952FAC-83CC-4C98-896C-BA46408DBFA0} = {117E7FB9-D998-4697-8FF7-911AA339D267}
		{54DFA925-B3A6-4A56-B99F-84DC6A4C3FA0} = {117E7FB9-D998-4697-8FF7-911AA339D267}
		{AF49F364-1881-44A0-8414-CDDB34AD09AB} = {117E7FB9-D998-4697-8FF7-911AA339D267}
		{9EFF2C8E-8212-4D86-9AC3-1D6DC64C0E06} = {117E7FB9-D998-4697-8FF7-911AA339D267}
		{E2DAF119-8655-4374-9EF8-5E917BD94109} = {117E7FB9-D998-4697-8FF7-911AA339D267}
		{CAFB6689-FF29-4E45-8BD4-DBDAE3DD161C} = {117E7FB9-D998-4697-8FF7-911AA339D267}
		{FF17CED5-8CBA-4C24-AC0A-91059F635EB5} = {117E7FB9-D998-4697-8FF7-911AA339D267}
		{5ECF4780-0339-4EE4-A810-E644D1BD57A5} = {117E7FB9-D998-4697-8FF7-911AA339D267}
		{525201D8-4BC9-4C4D-8BBC-D63FC239FA03} = {117E7FB9-D998-4697-8FF7-911AA339D267}
		{0DFAA163-33F3-4E67-88C0-D076337A3BE5} = {117E7FB9-D998-4697-8FF7-911AA339D267}
		{77512C70-27A3-4725-8B85-0A623BADC17E} = {117E7FB9-D998-4697-8FF7-911AA339D267}
		{C69EBE8A-A773-4515-A311-D08AD6012C91} = {117E7FB9-D998-4697-8FF7-911AA339D267}
		{49C5450F-DF58-458A-B0BE-534AF5F0B8FA} = {117E7FB9-D998-4697-8FF7-911AA339D267}
		{353A0C09-8066-4AA6-B643-1BD5F1A6DE74} = {117E7FB9-D998-4697-8FF7-911AA339D267}
		{2428ED7A-2328-4741-8F73-7EFFDBB3B3BE} = {117E7FB9-D998-4697-8FF7-911AA339D267}
		{8C38BC54-DA32-4F49-B64A-C4F4A8742318} = {117E7FB9-D998-4697-8FF7-911AA339D267}
		{6E945CEB-839C-4BC5-86DD-1D49B4958334} = {117E7FB9-D998-4697-8FF7-911AA339D267}
		{36D8E434-5854-4625-B5DD-360C41398649} = {117E7FB9-D998-4697-8FF7-911AA339D267}
		{4702D4BE-D7FD-4371-9484-14A288259DE5} = {117E7FB9-D998-4697-8FF7-911AA339D267}
		{18DFD762-8F10-4037-8B73-B41B7884594B} = {117E7FB9-D998-4697-8FF7-911AA339D267}
		{2FCB75A6-AB5F-4AB0-804D-C420B03593D1} = {117E7FB9-D998-4697-8FF7-911AA339D267}
	EndGlobalSection
	GlobalSection(ExtensibilityGlobals) = postSolution
		SolutionGuid = {F6D95616-665A-4FDB-8A44-A336D39BD719}
	EndGlobalSection
EndGlobal
