
Microsoft Visual Studio Solution File, Format Version 12.00
# Visual Studio 15
VisualStudioVersion = 15.0.28307.960
MinimumVisualStudioVersion = 10.0.40219.1
Project("{FAE04EC0-301F-11D3-BF4B-00C04F79EFBC}") = "VIZCore3D.NET.Demo", "VIZCore3D.NET.Demo\VIZCore3D.NET.Demo.csproj", "{44B16D23-940D-4905-94E0-7CFDE1EB5B9A}"
EndProject
Project("{FAE04EC0-301F-11D3-BF4B-00C04F79EFBC}") = "VIZCore3D.NET.ModelComparison", "VIZCore3D.NET.ModelComparison\VIZCore3D.NET.ModelComparison.csproj", "{A230733B-6ABE-455E-85F2-88420AE6EB4E}"
EndProject
Project("{FAE04EC0-301F-11D3-BF4B-00C04F79EFBC}") = "VIZCore3D.NET.ToVIZ", "VIZCore3D.NET.ToVIZ\VIZCore3D.NET.ToVIZ.csproj", "{7722C395-A09E-44D9-B7DF-628284A350CC}"
EndProject
Project("{FAE04EC0-301F-11D3-BF4B-00C04F79EFBC}") = "VIZCore3D.NET.LockedHidden", "VIZCore3D.NET.LockedHidden\VIZCore3D.NET.LockedHidden.csproj", "{2764CFC6-852D-41E3-8BC1-09B63C4399E9}"
EndProject
Project("{FAE04EC0-301F-11D3-BF4B-00C04F79EFBC}") = "VIZCore3D.NET.ShapeDrawing", "VIZCore3D.NET.ShapeDrawing\VIZCore3D.NET.ShapeDrawing.csproj", "{02A04B0B-9771-4126-8842-09FC00F909FC}"
EndProject
Project("{FAE04EC0-301F-11D3-BF4B-00C04F79EFBC}") = "VIZCore3D.NET.GeometryProperty", "VIZCore3D.NET.GeometryProperty\VIZCore3D.NET.GeometryProperty.csproj", "{198CD873-FD01-4D14-B61D-8B3ED817870B}"
EndProject
Project("{FAE04EC0-301F-11D3-BF4B-00C04F79EFBC}") = "VIZCore3D.NET.UDA", "VIZCore3D.NET.UDA\VIZCore3D.NET.UDA.csproj", "{C2593770-1D65-4E50-9BA1-EC2E8174AB98}"
EndProject
Project("{FAE04EC0-301F-11D3-BF4B-00C04F79EFBC}") = "VIZCore3D.NET.ImportAttribute", "VIZCore3D.NET.ImportAttribute\VIZCore3D.NET.ImportAttribute.csproj", "{1C4062F7-6D2E-456C-AD20-73AF3E8B7D45}"
EndProject
Project("{FAE04EC0-301F-11D3-BF4B-00C04F79EFBC}") = "VIZCore3D.NET.Thumbnail", "VIZCore3D.NET.Thumbnail\VIZCore3D.NET.Thumbnail.csproj", "{96D844B0-7A5D-4560-B6F7-D7A9EFAB4013}"
EndProject
Project("{FAE04EC0-301F-11D3-BF4B-00C04F79EFBC}") = "VIZCore3D.NET.Structure", "VIZCore3D.NET.Structure\VIZCore3D.NET.Structure.csproj", "{42DD3EF2-24AA-4A43-BCCF-9A8C3B4EBBDB}"
EndProject
Project("{FAE04EC0-301F-11D3-BF4B-00C04F79EFBC}") = "VIZCore3D.NET.Group", "VIZCore3D.NET.Group\VIZCore3D.NET.Group.csproj", "{D2138CFF-E1E8-4D4C-9FFD-3A195E958BF1}"
EndProject
Project("{FAE04EC0-301F-11D3-BF4B-00C04F79EFBC}") = "VIZCore3D.NET.ExportNode", "VIZCore3D.NET.ExportNode\VIZCore3D.NET.ExportNode.csproj", "{6D3A1771-76C8-4E6F-A80D-5D706FB55F93}"
EndProject
Project("{FAE04EC0-301F-11D3-BF4B-00C04F79EFBC}") = "VIZCore3D.NET.SpaceSearch", "VIZCore3D.NET.SpaceSearch\VIZCore3D.NET.SpaceSearch.csproj", "{BF3B137D-07B5-4235-89E8-71F28522088D}"
EndProject
Project("{2150E333-8FDC-42A3-9474-1A3956D46DE8}") = "Solution Items", "Solution Items", "{346539F3-DF6F-45AA-9619-E90F416E3DF5}"
	ProjectSection(SolutionItems) = preProject
		Nuget_Package.txt = Nuget_Package.txt
	EndProjectSection
EndProject
Project("{FAE04EC0-301F-11D3-BF4B-00C04F79EFBC}") = "VIZCore3D.NET.Projection2D", "VIZCore3D.NET.Projection2D\VIZCore3D.NET.Projection2D.csproj", "{104FBC88-359F-42EE-8580-ECDD9390CEC2}"
EndProject
Project("{FAE04EC0-301F-11D3-BF4B-00C04F79EFBC}") = "VIZCore3D.NET.Projection2D.DrawControl", "VIZCore3D.NET.Projection2D.DrawControl\VIZCore3D.NET.Projection2D.DrawControl.csproj", "{D99F27B8-63FC-44BD-B156-C7135C12A3EC}"
EndProject
Project("{FAE04EC0-301F-11D3-BF4B-00C04F79EFBC}") = "VIZCore3D.NET.Note", "VIZCore3D.NET.Note\VIZCore3D.NET.Note.csproj", "{B91B6FF8-09EF-411E-A6EB-3460E42C3C61}"
EndProject
Project("{FAE04EC0-301F-11D3-BF4B-00C04F79EFBC}") = "VIZCore3D.NET.SelectionBox", "VIZCore3D.NET.SelectionBox\VIZCore3D.NET.SelectionBox.csproj", "{DF428C22-208B-4462-AF5B-AFFD2BEC600D}"
EndProject
Project("{FAE04EC0-301F-11D3-BF4B-00C04F79EFBC}") = "VIZCore3D.NET.Import.WDL", "VIZCore3D.NET.Import.WDL\VIZCore3D.NET.Import.WDL.csproj", "{684014B8-D0D3-4654-AC4B-C45EE41EE7BC}"
EndProject
Project("{FAE04EC0-301F-11D3-BF4B-00C04F79EFBC}") = "VIZCore3D.NET.MiniView", "VIZCore3D.NET.MiniView\VIZCore3D.NET.MiniView.csproj", "{4293F576-7E7F-4934-A2BE-3EADF80D3867}"
EndProject
Project("{FAE04EC0-301F-11D3-BF4B-00C04F79EFBC}") = "VIZCore3D.NET.ClashTest", "VIZCore3D.NET.ClashTest\VIZCore3D.NET.ClashTest.csproj", "{EECEF237-9091-44B1-B12A-C7A9C6AE8AE8}"
EndProject
Project("{FAE04EC0-301F-11D3-BF4B-00C04F79EFBC}") = "VIZCore3D.NET.GenerateThumbnail", "VIZCore3D.NET.GenerateThumbnail\VIZCore3D.NET.GenerateThumbnail.csproj", "{11A4D8B3-0619-4283-A6DE-048BF770385B}"
EndProject
Project("{FAE04EC0-301F-11D3-BF4B-00C04F79EFBC}") = "VIZCore3D.NET.StructureThumbnail", "VIZCore3D.NET.StructureThumbnail\VIZCore3D.NET.StructureThumbnail.csproj", "{3A58E16A-0E2A-42B4-BA02-6FD72E8E4EE3}"
EndProject
Project("{FAE04EC0-301F-11D3-BF4B-00C04F79EFBC}") = "VIZCore3D.NET.PlacementStatus", "VIZCore3D.NET.PlacementStatus\VIZCore3D.NET.PlacementStatus.csproj", "{C468BD78-ED7A-4E39-AC4A-BB235A581C5E}"
EndProject
Project("{FAE04EC0-301F-11D3-BF4B-00C04F79EFBC}") = "VIZCore3D.NET.Disassembly", "VIZCore3D.NET.Disassembly\VIZCore3D.NET.Disassembly.csproj", "{FCBC55FF-B010-48AD-9F54-50E2DFE7F07D}"
EndProject
Project("{FAE04EC0-301F-11D3-BF4B-00C04F79EFBC}") = "VIZCore3D.NET.Osnap", "VIZCore3D.NET.Osnap\VIZCore3D.NET.Osnap.csproj", "{2CE29733-6C63-45E7-AB27-61C8E0750C7E}"
EndProject
Project("{FAE04EC0-301F-11D3-BF4B-00C04F79EFBC}") = "VIZCore3D.NET.CaptureImage", "VIZCore3D.NET.CaptureImage\VIZCore3D.NET.CaptureImage.csproj", "{A0CB8F46-B0EA-486F-922F-0B42B4D65598}"
EndProject
Project("{FAE04EC0-301F-11D3-BF4B-00C04F79EFBC}") = "VIZCore3D.NET.UserView", "VIZCore3D.NET.UserView\VIZCore3D.NET.UserView.csproj", "{4EA3BFF5-B915-46F6-9750-D0C236F02F91}"
EndProject
Project("{FAE04EC0-301F-11D3-BF4B-00C04F79EFBC}") = "VIZCore3D.NET.Snapshot", "VIZCore3D.NET.Snapshot\VIZCore3D.NET.Snapshot.csproj", "{C329C2DF-47F1-4008-A428-7AD1B42ECA73}"
EndProject
Project("{FAE04EC0-301F-11D3-BF4B-00C04F79EFBC}") = "VIZCore3D.NET.ZoneObjects", "VIZCore3D.NET.ZoneObjects\VIZCore3D.NET.ZoneObjects.csproj", "{4171475B-33F8-475A-90F4-C06560C06C09}"
EndProject
Global
	GlobalSection(SolutionConfigurationPlatforms) = preSolution
		Debug|Any CPU = Debug|Any CPU
		Release|Any CPU = Release|Any CPU
	EndGlobalSection
	GlobalSection(ProjectConfigurationPlatforms) = postSolution
		{44B16D23-940D-4905-94E0-7CFDE1EB5B9A}.Debug|Any CPU.ActiveCfg = Debug|Any CPU
		{44B16D23-940D-4905-94E0-7CFDE1EB5B9A}.Debug|Any CPU.Build.0 = Debug|Any CPU
		{44B16D23-940D-4905-94E0-7CFDE1EB5B9A}.Release|Any CPU.ActiveCfg = Release|Any CPU
		{44B16D23-940D-4905-94E0-7CFDE1EB5B9A}.Release|Any CPU.Build.0 = Release|Any CPU
		{A230733B-6ABE-455E-85F2-88420AE6EB4E}.Debug|Any CPU.ActiveCfg = Debug|Any CPU
		{A230733B-6ABE-455E-85F2-88420AE6EB4E}.Debug|Any CPU.Build.0 = Debug|Any CPU
		{A230733B-6ABE-455E-85F2-88420AE6EB4E}.Release|Any CPU.ActiveCfg = Release|Any CPU
		{A230733B-6ABE-455E-85F2-88420AE6EB4E}.Release|Any CPU.Build.0 = Release|Any CPU
		{7722C395-A09E-44D9-B7DF-628284A350CC}.Debug|Any CPU.ActiveCfg = Debug|Any CPU
		{7722C395-A09E-44D9-B7DF-628284A350CC}.Debug|Any CPU.Build.0 = Debug|Any CPU
		{7722C395-A09E-44D9-B7DF-628284A350CC}.Release|Any CPU.ActiveCfg = Release|Any CPU
		{7722C395-A09E-44D9-B7DF-628284A350CC}.Release|Any CPU.Build.0 = Release|Any CPU
		{2764CFC6-852D-41E3-8BC1-09B63C4399E9}.Debug|Any CPU.ActiveCfg = Debug|Any CPU
		{2764CFC6-852D-41E3-8BC1-09B63C4399E9}.Debug|Any CPU.Build.0 = Debug|Any CPU
		{2764CFC6-852D-41E3-8BC1-09B63C4399E9}.Release|Any CPU.ActiveCfg = Release|Any CPU
		{2764CFC6-852D-41E3-8BC1-09B63C4399E9}.Release|Any CPU.Build.0 = Release|Any CPU
		{02A04B0B-9771-4126-8842-09FC00F909FC}.Debug|Any CPU.ActiveCfg = Debug|Any CPU
		{02A04B0B-9771-4126-8842-09FC00F909FC}.Debug|Any CPU.Build.0 = Debug|Any CPU
		{02A04B0B-9771-4126-8842-09FC00F909FC}.Release|Any CPU.ActiveCfg = Release|Any CPU
		{02A04B0B-9771-4126-8842-09FC00F909FC}.Release|Any CPU.Build.0 = Release|Any CPU
		{198CD873-FD01-4D14-B61D-8B3ED817870B}.Debug|Any CPU.ActiveCfg = Debug|Any CPU
		{198CD873-FD01-4D14-B61D-8B3ED817870B}.Debug|Any CPU.Build.0 = Debug|Any CPU
		{198CD873-FD01-4D14-B61D-8B3ED817870B}.Release|Any CPU.ActiveCfg = Release|Any CPU
		{198CD873-FD01-4D14-B61D-8B3ED817870B}.Release|Any CPU.Build.0 = Release|Any CPU
		{C2593770-1D65-4E50-9BA1-EC2E8174AB98}.Debug|Any CPU.ActiveCfg = Debug|Any CPU
		{C2593770-1D65-4E50-9BA1-EC2E8174AB98}.Debug|Any CPU.Build.0 = Debug|Any CPU
		{C2593770-1D65-4E50-9BA1-EC2E8174AB98}.Release|Any CPU.ActiveCfg = Release|Any CPU
		{C2593770-1D65-4E50-9BA1-EC2E8174AB98}.Release|Any CPU.Build.0 = Release|Any CPU
		{1C4062F7-6D2E-456C-AD20-73AF3E8B7D45}.Debug|Any CPU.ActiveCfg = Debug|Any CPU
		{1C4062F7-6D2E-456C-AD20-73AF3E8B7D45}.Debug|Any CPU.Build.0 = Debug|Any CPU
		{1C4062F7-6D2E-456C-AD20-73AF3E8B7D45}.Release|Any CPU.ActiveCfg = Release|Any CPU
		{1C4062F7-6D2E-456C-AD20-73AF3E8B7D45}.Release|Any CPU.Build.0 = Release|Any CPU
		{96D844B0-7A5D-4560-B6F7-D7A9EFAB4013}.Debug|Any CPU.ActiveCfg = Debug|Any CPU
		{96D844B0-7A5D-4560-B6F7-D7A9EFAB4013}.Debug|Any CPU.Build.0 = Debug|Any CPU
		{96D844B0-7A5D-4560-B6F7-D7A9EFAB4013}.Release|Any CPU.ActiveCfg = Release|Any CPU
		{96D844B0-7A5D-4560-B6F7-D7A9EFAB4013}.Release|Any CPU.Build.0 = Release|Any CPU
		{42DD3EF2-24AA-4A43-BCCF-9A8C3B4EBBDB}.Debug|Any CPU.ActiveCfg = Debug|Any CPU
		{42DD3EF2-24AA-4A43-BCCF-9A8C3B4EBBDB}.Debug|Any CPU.Build.0 = Debug|Any CPU
		{42DD3EF2-24AA-4A43-BCCF-9A8C3B4EBBDB}.Release|Any CPU.ActiveCfg = Release|Any CPU
		{42DD3EF2-24AA-4A43-BCCF-9A8C3B4EBBDB}.Release|Any CPU.Build.0 = Release|Any CPU
		{D2138CFF-E1E8-4D4C-9FFD-3A195E958BF1}.Debug|Any CPU.ActiveCfg = Debug|Any CPU
		{D2138CFF-E1E8-4D4C-9FFD-3A195E958BF1}.Debug|Any CPU.Build.0 = Debug|Any CPU
		{D2138CFF-E1E8-4D4C-9FFD-3A195E958BF1}.Release|Any CPU.ActiveCfg = Release|Any CPU
		{D2138CFF-E1E8-4D4C-9FFD-3A195E958BF1}.Release|Any CPU.Build.0 = Release|Any CPU
		{6D3A1771-76C8-4E6F-A80D-5D706FB55F93}.Debug|Any CPU.ActiveCfg = Debug|Any CPU
		{6D3A1771-76C8-4E6F-A80D-5D706FB55F93}.Debug|Any CPU.Build.0 = Debug|Any CPU
		{6D3A1771-76C8-4E6F-A80D-5D706FB55F93}.Release|Any CPU.ActiveCfg = Release|Any CPU
		{6D3A1771-76C8-4E6F-A80D-5D706FB55F93}.Release|Any CPU.Build.0 = Release|Any CPU
		{BF3B137D-07B5-4235-89E8-71F28522088D}.Debug|Any CPU.ActiveCfg = Debug|Any CPU
		{BF3B137D-07B5-4235-89E8-71F28522088D}.Debug|Any CPU.Build.0 = Debug|Any CPU
		{BF3B137D-07B5-4235-89E8-71F28522088D}.Release|Any CPU.ActiveCfg = Release|Any CPU
		{BF3B137D-07B5-4235-89E8-71F28522088D}.Release|Any CPU.Build.0 = Release|Any CPU
		{104FBC88-359F-42EE-8580-ECDD9390CEC2}.Debug|Any CPU.ActiveCfg = Debug|Any CPU
		{104FBC88-359F-42EE-8580-ECDD9390CEC2}.Debug|Any CPU.Build.0 = Debug|Any CPU
		{104FBC88-359F-42EE-8580-ECDD9390CEC2}.Release|Any CPU.ActiveCfg = Release|Any CPU
		{104FBC88-359F-42EE-8580-ECDD9390CEC2}.Release|Any CPU.Build.0 = Release|Any CPU
		{D99F27B8-63FC-44BD-B156-C7135C12A3EC}.Debug|Any CPU.ActiveCfg = Debug|Any CPU
		{D99F27B8-63FC-44BD-B156-C7135C12A3EC}.Debug|Any CPU.Build.0 = Debug|Any CPU
		{D99F27B8-63FC-44BD-B156-C7135C12A3EC}.Release|Any CPU.ActiveCfg = Release|Any CPU
		{D99F27B8-63FC-44BD-B156-C7135C12A3EC}.Release|Any CPU.Build.0 = Release|Any CPU
		{B91B6FF8-09EF-411E-A6EB-3460E42C3C61}.Debug|Any CPU.ActiveCfg = Debug|Any CPU
		{B91B6FF8-09EF-411E-A6EB-3460E42C3C61}.Debug|Any CPU.Build.0 = Debug|Any CPU
		{B91B6FF8-09EF-411E-A6EB-3460E42C3C61}.Release|Any CPU.ActiveCfg = Release|Any CPU
		{B91B6FF8-09EF-411E-A6EB-3460E42C3C61}.Release|Any CPU.Build.0 = Release|Any CPU
		{DF428C22-208B-4462-AF5B-AFFD2BEC600D}.Debug|Any CPU.ActiveCfg = Debug|Any CPU
		{DF428C22-208B-4462-AF5B-AFFD2BEC600D}.Debug|Any CPU.Build.0 = Debug|Any CPU
		{DF428C22-208B-4462-AF5B-AFFD2BEC600D}.Release|Any CPU.ActiveCfg = Release|Any CPU
		{DF428C22-208B-4462-AF5B-AFFD2BEC600D}.Release|Any CPU.Build.0 = Release|Any CPU
		{684014B8-D0D3-4654-AC4B-C45EE41EE7BC}.Debug|Any CPU.ActiveCfg = Debug|Any CPU
		{684014B8-D0D3-4654-AC4B-C45EE41EE7BC}.Debug|Any CPU.Build.0 = Debug|Any CPU
		{684014B8-D0D3-4654-AC4B-C45EE41EE7BC}.Release|Any CPU.ActiveCfg = Release|Any CPU
		{684014B8-D0D3-4654-AC4B-C45EE41EE7BC}.Release|Any CPU.Build.0 = Release|Any CPU
		{4293F576-7E7F-4934-A2BE-3EADF80D3867}.Debug|Any CPU.ActiveCfg = Debug|Any CPU
		{4293F576-7E7F-4934-A2BE-3EADF80D3867}.Debug|Any CPU.Build.0 = Debug|Any CPU
		{4293F576-7E7F-4934-A2BE-3EADF80D3867}.Release|Any CPU.ActiveCfg = Release|Any CPU
		{4293F576-7E7F-4934-A2BE-3EADF80D3867}.Release|Any CPU.Build.0 = Release|Any CPU
		{EECEF237-9091-44B1-B12A-C7A9C6AE8AE8}.Debug|Any CPU.ActiveCfg = Debug|Any CPU
		{EECEF237-9091-44B1-B12A-C7A9C6AE8AE8}.Debug|Any CPU.Build.0 = Debug|Any CPU
		{EECEF237-9091-44B1-B12A-C7A9C6AE8AE8}.Release|Any CPU.ActiveCfg = Release|Any CPU
		{EECEF237-9091-44B1-B12A-C7A9C6AE8AE8}.Release|Any CPU.Build.0 = Release|Any CPU
		{11A4D8B3-0619-4283-A6DE-048BF770385B}.Debug|Any CPU.ActiveCfg = Debug|Any CPU
		{11A4D8B3-0619-4283-A6DE-048BF770385B}.Debug|Any CPU.Build.0 = Debug|Any CPU
		{11A4D8B3-0619-4283-A6DE-048BF770385B}.Release|Any CPU.ActiveCfg = Release|Any CPU
		{11A4D8B3-0619-4283-A6DE-048BF770385B}.Release|Any CPU.Build.0 = Release|Any CPU
		{3A58E16A-0E2A-42B4-BA02-6FD72E8E4EE3}.Debug|Any CPU.ActiveCfg = Debug|Any CPU
		{3A58E16A-0E2A-42B4-BA02-6FD72E8E4EE3}.Debug|Any CPU.Build.0 = Debug|Any CPU
		{3A58E16A-0E2A-42B4-BA02-6FD72E8E4EE3}.Release|Any CPU.ActiveCfg = Release|Any CPU
		{3A58E16A-0E2A-42B4-BA02-6FD72E8E4EE3}.Release|Any CPU.Build.0 = Release|Any CPU
		{C468BD78-ED7A-4E39-AC4A-BB235A581C5E}.Debug|Any CPU.ActiveCfg = Debug|Any CPU
		{C468BD78-ED7A-4E39-AC4A-BB235A581C5E}.Debug|Any CPU.Build.0 = Debug|Any CPU
		{C468BD78-ED7A-4E39-AC4A-BB235A581C5E}.Release|Any CPU.ActiveCfg = Release|Any CPU
		{C468BD78-ED7A-4E39-AC4A-BB235A581C5E}.Release|Any CPU.Build.0 = Release|Any CPU
		{FCBC55FF-B010-48AD-9F54-50E2DFE7F07D}.Debug|Any CPU.ActiveCfg = Debug|Any CPU
		{FCBC55FF-B010-48AD-9F54-50E2DFE7F07D}.Debug|Any CPU.Build.0 = Debug|Any CPU
		{FCBC55FF-B010-48AD-9F54-50E2DFE7F07D}.Release|Any CPU.ActiveCfg = Release|Any CPU
		{FCBC55FF-B010-48AD-9F54-50E2DFE7F07D}.Release|Any CPU.Build.0 = Release|Any CPU
		{2CE29733-6C63-45E7-AB27-61C8E0750C7E}.Debug|Any CPU.ActiveCfg = Debug|Any CPU
		{2CE29733-6C63-45E7-AB27-61C8E0750C7E}.Debug|Any CPU.Build.0 = Debug|Any CPU
		{2CE29733-6C63-45E7-AB27-61C8E0750C7E}.Release|Any CPU.ActiveCfg = Release|Any CPU
		{2CE29733-6C63-45E7-AB27-61C8E0750C7E}.Release|Any CPU.Build.0 = Release|Any CPU
		{A0CB8F46-B0EA-486F-922F-0B42B4D65598}.Debug|Any CPU.ActiveCfg = Debug|Any CPU
		{A0CB8F46-B0EA-486F-922F-0B42B4D65598}.Debug|Any CPU.Build.0 = Debug|Any CPU
		{A0CB8F46-B0EA-486F-922F-0B42B4D65598}.Release|Any CPU.ActiveCfg = Release|Any CPU
		{A0CB8F46-B0EA-486F-922F-0B42B4D65598}.Release|Any CPU.Build.0 = Release|Any CPU
		{4EA3BFF5-B915-46F6-9750-D0C236F02F91}.Debug|Any CPU.ActiveCfg = Debug|Any CPU
		{4EA3BFF5-B915-46F6-9750-D0C236F02F91}.Debug|Any CPU.Build.0 = Debug|Any CPU
		{4EA3BFF5-B915-46F6-9750-D0C236F02F91}.Release|Any CPU.ActiveCfg = Release|Any CPU
		{4EA3BFF5-B915-46F6-9750-D0C236F02F91}.Release|Any CPU.Build.0 = Release|Any CPU
		{C329C2DF-47F1-4008-A428-7AD1B42ECA73}.Debug|Any CPU.ActiveCfg = Debug|Any CPU
		{C329C2DF-47F1-4008-A428-7AD1B42ECA73}.Debug|Any CPU.Build.0 = Debug|Any CPU
		{C329C2DF-47F1-4008-A428-7AD1B42ECA73}.Release|Any CPU.ActiveCfg = Release|Any CPU
		{C329C2DF-47F1-4008-A428-7AD1B42ECA73}.Release|Any CPU.Build.0 = Release|Any CPU
		{4171475B-33F8-475A-90F4-C06560C06C09}.Debug|Any CPU.ActiveCfg = Debug|Any CPU
		{4171475B-33F8-475A-90F4-C06560C06C09}.Debug|Any CPU.Build.0 = Debug|Any CPU
		{4171475B-33F8-475A-90F4-C06560C06C09}.Release|Any CPU.ActiveCfg = Release|Any CPU
		{4171475B-33F8-475A-90F4-C06560C06C09}.Release|Any CPU.Build.0 = Release|Any CPU
	EndGlobalSection
	GlobalSection(SolutionProperties) = preSolution
		HideSolutionNode = FALSE
	EndGlobalSection
	GlobalSection(ExtensibilityGlobals) = postSolution
		SolutionGuid = {F6D95616-665A-4FDB-8A44-A336D39BD719}
	EndGlobalSection
EndGlobal
