
Microsoft Visual Studio Solution File, Format Version 12.00
# Visual Studio 15
VisualStudioVersion = 15.0.28307.960
MinimumVisualStudioVersion = 10.0.40219.1
Project("{FAE04EC0-301F-11D3-BF4B-00C04F79EFBC}") = "VIZCore3D.NET.Demo", "VIZCore3D.NET.Demo.csproj", "{21D4441D-7891-4D51-B29B-3724A7073A98}"
EndProject
Global
	GlobalSection(SolutionConfigurationPlatforms) = preSolution
		Debug|Any CPU = Debug|Any CPU
		Release|Any CPU = Release|Any CPU
	EndGlobalSection
	GlobalSection(ProjectConfigurationPlatforms) = postSolution
		{21D4441D-7891-4D51-B29B-3724A7073A98}.Debug|Any CPU.ActiveCfg = Debug|Any CPU
		{21D4441D-7891-4D51-B29B-3724A7073A98}.Debug|Any CPU.Build.0 = Debug|Any CPU
		{21D4441D-7891-4D51-B29B-3724A7073A98}.Release|Any CPU.ActiveCfg = Release|Any CPU
		{21D4441D-7891-4D51-B29B-3724A7073A98}.Release|Any CPU.Build.0 = Release|Any CPU
	EndGlobalSection
	GlobalSection(SolutionProperties) = preSolution
		HideSolutionNode = FALSE
	EndGlobalSection
	GlobalSection(ExtensibilityGlobals) = postSolution
		SolutionGuid = {A8F3D0C9-F545-4721-B3C5-D9F77902C17A}
	EndGlobalSection
EndGlobal
